<?xml version="1.0" encoding="utf-8"?>
<Project ToolsVersion="4.0" xmlns="http://schemas.microsoft.com/developer/msbuild/2003">
  <ItemGroup>
    <Filter Include="Source Files">
      <UniqueIdentifier>{4FC737F1-C7A5-4376-A066-2A32D752A2FF}</UniqueIdentifier>
      <Extensions>cpp;c;cc;cxx;def;odl;idl;hpj;bat;asm;asmx</Extensions>
    </Filter>
    <Filter Include="Header Files">
      <UniqueIdentifier>{93995380-89BD-4b04-88EB-625FBE52EBFB}</UniqueIdentifier>
      <Extensions>h;hh;hpp;hxx;hm;inl;inc;xsd</Extensions>
    </Filter>
    <Filter Include="Resource Files">
      <UniqueIdentifier>{67DA6AB6-F800-4c08-8B7A-83BB121AAD01}</UniqueIdentifier>
      <Extensions>rc;ico;cur;bmp;dlg;rc2;rct;bin;rgs;gif;jpg;jpeg;jpe;resx;tiff;tif;png;wav;mfcribbon-ms</Extensions>
    </Filter>
    <Filter Include="Include Files">
      <UniqueIdentifier>{1e95cc98-e2c1-4ba5-95e2-83e8372a5dca}</UniqueIdentifier>
    </Filter>
    <Filter Include="Source Files\JavaScriptRuntime">
      <UniqueIdentifier>{6ea8b52c-44de-48c7-9157-a069eb9655da}</UniqueIdentifier>
    </Filter>
    <Filter Include="Include Files\JavaScriptRuntime">
      <UniqueIdentifier>{af960ed5-4b68-40ab-bffe-2ce96c5deab6}</UniqueIdentifier>
    </Filter>
  </ItemGroup>
  <ItemGroup>
    <ClCompile Include="A2v10.Base.cpp">
      <Filter>Source Files</Filter>
    </ClCompile>
    <ClCompile Include="dllmain.cpp">
      <Filter>Source Files</Filter>
    </ClCompile>
    <ClCompile Include="stdafx.cpp">
      <Filter>Source Files</Filter>
    </ClCompile>
    <ClCompile Include="a2visualmanager.cpp">
      <Filter>Source Files</Filter>
    </ClCompile>
    <ClCompile Include="a2borderpane.cpp">
      <Filter>Source Files</Filter>
    </ClCompile>
    <ClCompile Include="a2captionbutton.cpp">
      <Filter>Source Files</Filter>
    </ClCompile>
    <ClCompile Include="a2glowborder.cpp">
      <Filter>Source Files</Filter>
    </ClCompile>
    <ClCompile Include="a2mdiframe.cpp">
      <Filter>Source Files</Filter>
    </ClCompile>
    <ClCompile Include="theme.cpp">
      <Filter>Source Files</Filter>
    </ClCompile>
    <ClCompile Include="guiext.cpp">
      <Filter>Source Files</Filter>
    </ClCompile>
    <ClCompile Include="uitools.cpp">
      <Filter>Source Files</Filter>
    </ClCompile>
    <ClCompile Include="a2tabview.cpp">
      <Filter>Source Files</Filter>
    </ClCompile>
    <ClCompile Include="a2toolbox.cpp">
      <Filter>Source Files</Filter>
    </ClCompile>
    <ClCompile Include="a2dockablepane.cpp">
      <Filter>Source Files</Filter>
    </ClCompile>
    <ClCompile Include="a2tabbedpane.cpp">
      <Filter>Source Files</Filter>
    </ClCompile>
    <ClCompile Include="a2miniframewnd.cpp">
      <Filter>Source Files</Filter>
    </ClCompile>
    <ClCompile Include="a2toolbars.cpp">
      <Filter>Source Files</Filter>
    </ClCompile>
    <ClCompile Include="a2sdiframe.cpp">
      <Filter>Source Files</Filter>
    </ClCompile>
    <ClCompile Include="appdata.cpp">
      <Filter>Source Files</Filter>
    </ClCompile>
    <ClCompile Include="a2doctemplate.cpp">
      <Filter>Source Files</Filter>
    </ClCompile>
    <ClCompile Include="a2appl.cpp">
      <Filter>Source Files</Filter>
    </ClCompile>
    <ClCompile Include="javascriptruntime.cpp">
      <Filter>Source Files\JavaScriptRuntime</Filter>
    </ClCompile>
    <ClCompile Include="javascriptnative.cpp">
      <Filter>Source Files\JavaScriptRuntime</Filter>
    </ClCompile>
    <ClCompile Include="javascriptvalue.cpp">
      <Filter>Source Files\JavaScriptRuntime</Filter>
    </ClCompile>
    <ClCompile Include="javascriptpropertyid.cpp">
      <Filter>Source Files\JavaScriptRuntime</Filter>
    </ClCompile>
    <ClCompile Include="javascriptexceptions.cpp">
      <Filter>Source Files\JavaScriptRuntime</Filter>
    </ClCompile>
    <ClCompile Include="guictrls.cpp">
      <Filter>Source Files</Filter>
    </ClCompile>
    <ClCompile Include="optionsps.cpp">
      <Filter>Source Files</Filter>
    </ClCompile>
  </ItemGroup>
  <ItemGroup>
    <None Include="A2v10.Base.def">
      <Filter>Source Files</Filter>
    </None>
    <None Include="res\A2v10Base.rc2">
      <Filter>Resource Files</Filter>
    </None>
  </ItemGroup>
  <ItemGroup>
    <ClInclude Include="stdafx.h">
      <Filter>Header Files</Filter>
    </ClInclude>
    <ClInclude Include="targetver.h">
      <Filter>Header Files</Filter>
    </ClInclude>
    <ClInclude Include="Resource.h">
      <Filter>Header Files</Filter>
    </ClInclude>
    <ClInclude Include="..\Include\dlldefs.h">
      <Filter>Include Files</Filter>
    </ClInclude>
    <ClInclude Include="..\Include\A2v10.Base.h">
      <Filter>Include Files</Filter>
    </ClInclude>
    <ClInclude Include="..\Include\a2visualmanager.h">
      <Filter>Include Files</Filter>
    </ClInclude>
    <ClInclude Include="..\Include\a2borderpane.h">
      <Filter>Include Files</Filter>
    </ClInclude>
    <ClInclude Include="..\Include\a2dockablepane.h">
      <Filter>Include Files</Filter>
    </ClInclude>
    <ClInclude Include="..\Include\a2tabview.h">
      <Filter>Include Files</Filter>
    </ClInclude>
    <ClInclude Include="..\Include\a2toolbars.h">
      <Filter>Include Files</Filter>
    </ClInclude>
    <ClInclude Include="..\Include\a2toolbox.h">
      <Filter>Include Files</Filter>
    </ClInclude>
    <ClInclude Include="..\Include\appdefs.h">
      <Filter>Include Files</Filter>
    </ClInclude>
    <ClInclude Include="..\Include\theme.h">
      <Filter>Include Files</Filter>
    </ClInclude>
    <ClInclude Include="..\Include\allresources.h">
      <Filter>Include Files</Filter>
    </ClInclude>
    <ClInclude Include="..\Include\a2glowborder.h">
      <Filter>Include Files</Filter>
    </ClInclude>
    <ClInclude Include="..\Include\a2captionbutton.h">
      <Filter>Include Files</Filter>
    </ClInclude>
    <ClInclude Include="..\Include\a2mdiframe.h">
      <Filter>Include Files</Filter>
    </ClInclude>
    <ClInclude Include="..\Include\guiext.h">
      <Filter>Include Files</Filter>
    </ClInclude>
    <ClInclude Include="..\Include\uitools.h">
      <Filter>Include Files</Filter>
    </ClInclude>
    <ClInclude Include="..\Include\appdata.h">
      <Filter>Include Files</Filter>
    </ClInclude>
    <ClInclude Include="a2tabbedpane.h">
      <Filter>Header Files</Filter>
    </ClInclude>
    <ClInclude Include="a2miniframewnd.h">
      <Filter>Header Files</Filter>
    </ClInclude>
    <ClInclude Include="..\Include\a2sdiframe.h">
      <Filter>Include Files</Filter>
    </ClInclude>
    <ClInclude Include="..\Include\a2doctemplate.h">
      <Filter>Include Files</Filter>
    </ClInclude>
    <ClInclude Include="..\Include\a2appl.h">
      <Filter>Include Files</Filter>
    </ClInclude>
    <ClInclude Include="..\Include\javascriptruntime.h">
      <Filter>Include Files\JavaScriptRuntime</Filter>
    </ClInclude>
    <ClInclude Include="..\Include\javascriptvalue.h">
      <Filter>Include Files\JavaScriptRuntime</Filter>
    </ClInclude>
    <ClInclude Include="..\Include\javascriptpropertyid.h">
      <Filter>Include Files\JavaScriptRuntime</Filter>
    </ClInclude>
    <ClInclude Include="..\Include\javascriptnative.h">
      <Filter>Include Files\JavaScriptRuntime</Filter>
    </ClInclude>
    <ClInclude Include="..\Include\javascriptexceptions.h">
      <Filter>Include Files\JavaScriptRuntime</Filter>
    </ClInclude>
    <ClInclude Include="..\Include\guictrls.h">
      <Filter>Include Files</Filter>
    </ClInclude>
    <ClInclude Include="..\Include\appstructs.h">
      <Filter>Include Files</Filter>
    </ClInclude>
    <ClInclude Include="..\Include\optionsps.h">
      <Filter>Source Files</Filter>
    </ClInclude>
  </ItemGroup>
  <ItemGroup>
    <ResourceCompile Include="A2v10.Base.rc">
      <Filter>Resource Files</Filter>
    </ResourceCompile>
  </ItemGroup>
  <ItemGroup>
    <Image Include="res\imagelist10x10.bmp">
      <Filter>Resource Files</Filter>
    </Image>
    <Image Include="res\imagelist12x12.bmp">
      <Filter>Resource Files</Filter>
    </Image>
  </ItemGroup>
</Project>