
Microsoft Visual Studio Solution File, Format Version 12.00
# Visual Studio 15
VisualStudioVersion = 15.0.27130.2026
MinimumVisualStudioVersion = 10.0.40219.1
Project("{2150E333-8FDC-42A3-9474-1A3956D46DE8}") = "Shared", "Shared", "{5371E97D-8916-4D33-9BE7-C0C97209DD54}"
EndProject
Project("{2150E333-8FDC-42A3-9474-1A3956D46DE8}") = "Solution Items", "Solution Items", "{EB6A9CBF-3ED1-4C0B-B8E5-11D63D40D916}"
	ProjectSection(SolutionItems) = preProject
		.gitattributes = .gitattributes
		.gitignore = .gitignore
		changelog.MD = changelog.MD
		readme.MD = readme.MD
		THIRD-PARTY-NOTICES.md = THIRD-PARTY-NOTICES.md
	EndProjectSection
EndProject
Project("{2150E333-8FDC-42A3-9474-1A3956D46DE8}") = "Desktop", "Desktop", "{825023F4-F682-4FA8-BA5D-F253B5BB52F3}"
	ProjectSection(SolutionItems) = preProject
		Desktop\todo.txt = Desktop\todo.txt
	EndProjectSection
EndProject
Project("{2150E333-8FDC-42A3-9474-1A3956D46DE8}") = "Web", "Web", "{43B4C9AB-A468-4A79-892A-929294A0BBE1}"
EndProject
Project("{FAE04EC0-301F-11D3-BF4B-00C04F79EFBC}") = "A2v10.Web.Mvc", "Web\A2v10.Web.Mvc\A2v10.Web.Mvc.csproj", "{478240AB-9772-4F70-8E31-BD0303CBF836}"
EndProject
Project("{FAE04EC0-301F-11D3-BF4B-00C04F79EFBC}") = "A2v10.Infrastructure", "Shared\A2v10.Infrastructure\A2v10.Infrastructure.csproj", "{8AB56ABE-3894-40EE-A5B7-36B57B70D1BE}"
EndProject
Project("{FAE04EC0-301F-11D3-BF4B-00C04F79EFBC}") = "A2v10.Xaml", "Shared\A2v10.Xaml\A2v10.Xaml.csproj", "{E0577880-9B04-4A2A-B791-8FDB47CAA3BC}"
EndProject
Project("{8BC9CEB8-8B4A-11D0-8D11-00A0C91BC942}") = "A2v10.Designer", "Desktop\A2v10.Designer\A2v10.Designer.vcxproj", "{57A2C839-E820-4226-A881-CB8F8FEC149A}"
	ProjectSection(ProjectDependencies) = postProject
		{2DF7BB2D-75C2-44BD-8AFB-42DF5870EE32} = {2DF7BB2D-75C2-44BD-8AFB-42DF5870EE32}
		{28B1AA42-7BD9-469A-BAD2-0000148D8754} = {28B1AA42-7BD9-469A-BAD2-0000148D8754}
		{DCD07C48-1983-4861-9717-3A770C3C37E0} = {DCD07C48-1983-4861-9717-3A770C3C37E0}
		{22C8C752-65C0-4EDE-BBC7-BA1BC297376C} = {22C8C752-65C0-4EDE-BBC7-BA1BC297376C}
		{4FADD7BC-8EEC-4A85-AD5A-E0AEF78A65DC} = {4FADD7BC-8EEC-4A85-AD5A-E0AEF78A65DC}
		{D83CDCFC-2189-4A41-A978-72E76DEF978F} = {D83CDCFC-2189-4A41-A978-72E76DEF978F}
	EndProjectSection
EndProject
Project("{8BC9CEB8-8B4A-11D0-8D11-00A0C91BC942}") = "A2v10.Base", "Desktop\A2v10.Base\A2v10.Base.vcxproj", "{2DF7BB2D-75C2-44BD-8AFB-42DF5870EE32}"
	ProjectSection(ProjectDependencies) = postProject
		{22C8C752-65C0-4EDE-BBC7-BA1BC297376C} = {22C8C752-65C0-4EDE-BBC7-BA1BC297376C}
		{4FADD7BC-8EEC-4A85-AD5A-E0AEF78A65DC} = {4FADD7BC-8EEC-4A85-AD5A-E0AEF78A65DC}
		{D83CDCFC-2189-4A41-A978-72E76DEF978F} = {D83CDCFC-2189-4A41-A978-72E76DEF978F}
	EndProjectSection
EndProject
Project("{FAE04EC0-301F-11D3-BF4B-00C04F79EFBC}") = "A2v10.Web.Site", "Web\A2v10.Web.Site\A2v10.Web.Site.csproj", "{353BFB0D-DA78-4C2E-8F03-6DB6134CB341}"
EndProject
Project("{2150E333-8FDC-42A3-9474-1A3956D46DE8}") = "Tests", "Tests", "{EDE3BC29-B647-49D6-B76A-0AACEAD74445}"
EndProject
Project("{FAE04EC0-301F-11D3-BF4B-00C04F79EFBC}") = "A2v10.Tests", "Tests\A2v10.Tests\A2v10.Tests.csproj", "{A3C33261-F421-4CE9-9422-0158B081DE6A}"
EndProject
Project("{2150E333-8FDC-42A3-9474-1A3956D46DE8}") = "SqlScripts", "SqlScripts", "{2F3BE304-2E99-46CB-B3B0-597BC222DE37}"
	ProjectSection(SolutionItems) = preProject
		SqlScripts\a2v10admin.sql = SqlScripts\a2v10admin.sql
		SqlScripts\a2v10messaging.sql = SqlScripts\a2v10messaging.sql
		SqlScripts\a2v10meta.sql = SqlScripts\a2v10meta.sql
		SqlScripts\a2v10security.sql = SqlScripts\a2v10security.sql
		SqlScripts\a2v10system.sql = SqlScripts\a2v10system.sql
		SqlScripts\a2v10test.sql = SqlScripts\a2v10test.sql
		SqlScripts\a2v10ui.sql = SqlScripts\a2v10ui.sql
		SqlScripts\a2v10ui_simple.sql = SqlScripts\a2v10ui_simple.sql
		SqlScripts\a2v10workflow.sql = SqlScripts\a2v10workflow.sql
	EndProjectSection
EndProject
Project("{FAE04EC0-301F-11D3-BF4B-00C04F79EFBC}") = "A2v10.Runtime", "Desktop\A2v10.Runtime\A2v10.Runtime.csproj", "{DCD07C48-1983-4861-9717-3A770C3C37E0}"
	ProjectSection(ProjectDependencies) = postProject
		{1562EE09-1FD2-41F6-B575-5BE0343196A4} = {1562EE09-1FD2-41F6-B575-5BE0343196A4}
		{2DF7BB2D-75C2-44BD-8AFB-42DF5870EE32} = {2DF7BB2D-75C2-44BD-8AFB-42DF5870EE32}
	EndProjectSection
EndProject
Project("{8BC9CEB8-8B4A-11D0-8D11-00A0C91BC942}") = "A2v10.Net.Shim", "Desktop\A2v10.Net.Shim\A2v10.Net.Shim.vcxproj", "{28B1AA42-7BD9-469A-BAD2-0000148D8754}"
	ProjectSection(ProjectDependencies) = postProject
		{2DF7BB2D-75C2-44BD-8AFB-42DF5870EE32} = {2DF7BB2D-75C2-44BD-8AFB-42DF5870EE32}
		{22C8C752-65C0-4EDE-BBC7-BA1BC297376C} = {22C8C752-65C0-4EDE-BBC7-BA1BC297376C}
		{4FADD7BC-8EEC-4A85-AD5A-E0AEF78A65DC} = {4FADD7BC-8EEC-4A85-AD5A-E0AEF78A65DC}
		{D83CDCFC-2189-4A41-A978-72E76DEF978F} = {D83CDCFC-2189-4A41-A978-72E76DEF978F}
	EndProjectSection
EndProject
Project("{FAE04EC0-301F-11D3-BF4B-00C04F79EFBC}") = "A2v10.Script", "Shared\A2v10.Script\A2v10.Script.csproj", "{8D4A108F-28A4-4C56-BB2C-D189E6AB01C9}"
EndProject
Project("{8BC9CEB8-8B4A-11D0-8D11-00A0C91BC942}") = "A2v10.Locale.Uk", "Desktop\A2v10.Locale.Uk\A2v10.Locale.Uk.vcxproj", "{D83CDCFC-2189-4A41-A978-72E76DEF978F}"
EndProject
Project("{8BC9CEB8-8B4A-11D0-8D11-00A0C91BC942}") = "A2v10.Locale.Ru", "Desktop\A2v10.Locale.Ru\A2v10.Locale.Ru.vcxproj", "{22C8C752-65C0-4EDE-BBC7-BA1BC297376C}"
EndProject
Project("{8BC9CEB8-8B4A-11D0-8D11-00A0C91BC942}") = "A2v10.Locale.En", "Desktop\A2v10.Locale.En\A2v10.Locale.En.vcxproj", "{4FADD7BC-8EEC-4A85-AD5A-E0AEF78A65DC}"
EndProject
Project("{FAE04EC0-301F-11D3-BF4B-00C04F79EFBC}") = "A2v10.Workflow", "Shared\A2v10.Workflow\A2v10.Workflow.csproj", "{76269196-DB55-4299-AE0F-A33A5BAB294F}"
EndProject
Project("{8BC9CEB8-8B4A-11D0-8D11-00A0C91BC942}") = "A2v10.Application", "Desktop\A2v10.Application\A2v10.Application.vcxproj", "{B157E1E0-9C29-44EE-9060-BBD1060486F5}"
	ProjectSection(ProjectDependencies) = postProject
		{2DF7BB2D-75C2-44BD-8AFB-42DF5870EE32} = {2DF7BB2D-75C2-44BD-8AFB-42DF5870EE32}
		{28B1AA42-7BD9-469A-BAD2-0000148D8754} = {28B1AA42-7BD9-469A-BAD2-0000148D8754}
		{22C8C752-65C0-4EDE-BBC7-BA1BC297376C} = {22C8C752-65C0-4EDE-BBC7-BA1BC297376C}
		{4FADD7BC-8EEC-4A85-AD5A-E0AEF78A65DC} = {4FADD7BC-8EEC-4A85-AD5A-E0AEF78A65DC}
		{D83CDCFC-2189-4A41-A978-72E76DEF978F} = {D83CDCFC-2189-4A41-A978-72E76DEF978F}
	EndProjectSection
EndProject
Project("{FAE04EC0-301F-11D3-BF4B-00C04F79EFBC}") = "TestApplication", "Tests\TestApplication\TestApplication.csproj", "{64F0A84F-87DA-45B3-9722-7FA341383CF8}"
EndProject
Project("{FAE04EC0-301F-11D3-BF4B-00C04F79EFBC}") = "Apps", "Apps\Apps.csproj", "{C7D30183-7B8E-4F4A-9F04-9AC1C4DAA81A}"
EndProject
Project("{2150E333-8FDC-42A3-9474-1A3956D46DE8}") = "Documentation", "Documentation", "{3E225544-FE66-4F29-86F2-7EED9831790C}"
EndProject
Project("{FAE04EC0-301F-11D3-BF4B-00C04F79EFBC}") = "A2v10.Request", "Shared\A2v10.Request\A2v10.Request.csproj", "{4ABB9B68-F32C-4262-8AFF-0AF8A1087D30}"
EndProject
Project("{FAE04EC0-301F-11D3-BF4B-00C04F79EFBC}") = "A2v10.Reports", "Shared\A2v10.Reports\A2v10.Reports.csproj", "{0562C1FE-B4B7-4EE2-BF83-1808EBD63D05}"
EndProject
Project("{FAE04EC0-301F-11D3-BF4B-00C04F79EFBC}") = "A2v10.Messaging", "Shared\A2v10.Messaging\A2v10.Messaging.csproj", "{D83666A0-ACF5-47E6-94CF-732DDDABBEA2}"
EndProject
Project("{2150E333-8FDC-42A3-9474-1A3956D46DE8}") = "Installer", "Installer", "{F64122AA-F558-4F74-9B7F-0C5603892DDB}"
EndProject
Project("{54435603-DBB4-11D2-8724-00A0C9A8B90C}") = "A2v10.Web", "A2v10.Installer\A2v10.Installer.vdproj", "{C9592E99-8DD0-4E9E-BCD9-4FBB692DD08A}"
EndProject
Project("{2150E333-8FDC-42A3-9474-1A3956D46DE8}") = "Common", "Common", "{EB043A6D-E89F-4776-85C2-8F1BD85640E3}"
EndProject
Project("{FAE04EC0-301F-11D3-BF4B-00C04F79EFBC}") = "A2v10.Data", "..\A2v10.Data\A2v10.Data\A2v10.Data.csproj", "{3CEFBA76-9ED3-40B4-A844-CC17D960202F}"
EndProject
Project("{FAE04EC0-301F-11D3-BF4B-00C04F79EFBC}") = "A2v10.Data.Interfaces", "..\A2v10.Data\A2v10.Data.Interfaces\A2v10.Data.Interfaces.csproj", "{1C5A0097-29A8-4157-80C0-B865CEAFCCCE}"
EndProject
Project("{FAE04EC0-301F-11D3-BF4B-00C04F79EFBC}") = "A2v10.Data.Tests", "..\A2v10.Data\A2v10.Data.Tests\A2v10.Data.Tests.csproj", "{92474E5E-6FBA-4746-900C-55F68977E500}"
EndProject
Project("{FAE04EC0-301F-11D3-BF4B-00C04F79EFBC}") = "A2v10.Interop", "Shared\A2v10.Interop\A2v10.Interop.csproj", "{39661034-47AA-4BDF-9B19-C835B614B545}"
EndProject
Project("{FAE04EC0-301F-11D3-BF4B-00C04F79EFBC}") = "A2v10.Data.ScriptBuilder", "..\A2v10.Data\A2v10.Data.ScriptBuilder\A2v10.Data.ScriptBuilder.csproj", "{83C23F97-4F17-44FD-9933-FC8CAC1B589C}"
EndProject
Project("{2150E333-8FDC-42A3-9474-1A3956D46DE8}") = "Tools", "Tools", "{F2179EED-B181-4893-B209-700C496FADF8}"
EndProject
Project("{FAE04EC0-301F-11D3-BF4B-00C04F79EFBC}") = "BuildSql", "Tools\BuildSql\BuildSql.csproj", "{0E7FD5E8-15D5-4C2B-983F-1930848B19ED}"
EndProject
Project("{2150E333-8FDC-42A3-9474-1A3956D46DE8}") = "UiSamples", "UiSamples", "{BB1D9A68-B755-434F-9B24-CD45EA8DCBC5}"
	ProjectSection(SolutionItems) = preProject
		UiSamples\odoo.css = UiSamples\odoo.css
		UiSamples\odoo.html = UiSamples\odoo.html
	EndProjectSection
EndProject
Project("{FAE04EC0-301F-11D3-BF4B-00C04F79EFBC}") = "A2v10.Web.Config", "Web\A2v10.Web.Config\A2v10.Web.Config.csproj", "{C53F9ED8-90A1-43DA-9EC4-8BCDB33E5D8F}"
EndProject
Project("{FAE04EC0-301F-11D3-BF4B-00C04F79EFBC}") = "A2v10.Data.Providers", "..\A2v10.Data\A2v10.Data.Providers\A2v10.Data.Providers.csproj", "{1562EE09-1FD2-41F6-B575-5BE0343196A4}"
EndProject
Project("{FAE04EC0-301F-11D3-BF4B-00C04F79EFBC}") = "A2v10.Web.Identity", "Web\A2v10.Web.Identity\A2v10.Web.Identity.csproj", "{7C10EE54-7B2C-4D76-B5DE-802F26BD53AD}"
EndProject
Project("{FAE04EC0-301F-11D3-BF4B-00C04F79EFBC}") = "A2v10.Data.Generator", "..\A2v10.Data\A2v10.Data.Generator\A2v10.Data.Generator.csproj", "{78E6DA53-9ABB-406F-A711-55FF00386029}"
EndProject
Project("{FAE04EC0-301F-11D3-BF4B-00C04F79EFBC}") = "TestMail", "Tools\TestMail\TestMail.csproj", "{86BD6EE6-BC0B-42A9-9656-A6ABA29CA93C}"
EndProject
Project("{FAE04EC0-301F-11D3-BF4B-00C04F79EFBC}") = "A2v10.Web.Base", "Web\A2v10.Web.Base\A2v10.Web.Base.csproj", "{2FBBA076-26F4-4D61-872C-4EE29AFA1EDB}"
EndProject
Project("{FAE04EC0-301F-11D3-BF4B-00C04F79EFBC}") = "A2v10.Script.JSRT", "Shared\A2v10.Script.JSRT\A2v10.Script.JSRT.csproj", "{9F4A3A9F-1571-4FD4-9016-A4E4684D0D4B}"
EndProject
Project("{FAE04EC0-301F-11D3-BF4B-00C04F79EFBC}") = "A2v10.Web.Script", "Web\A2v10.Web.Script\A2v10.Web.Script.csproj", "{0B570AD7-C466-4434-A610-F0CAC2813676}"
EndProject
Project("{2150E333-8FDC-42A3-9474-1A3956D46DE8}") = "Background", "Background", "{9D427AC3-4D06-442B-9CFC-2BC3036E7E95}"
EndProject
Project("{FAE04EC0-301F-11D3-BF4B-00C04F79EFBC}") = "A2v10.BackgroundTasks", "Baсkground\A2v10.BackgroundTasks\A2v10.BackgroundTasks.csproj", "{2A64FB2C-7EF4-45E5-A006-5291BA38BB54}"
EndProject
Project("{FAE04EC0-301F-11D3-BF4B-00C04F79EFBC}") = "BackgroundProcessor", "Tools\BackgroundProcessor\BackgroundProcessor.csproj", "{BAC717CA-4A32-432F-98EB-A452F9C59357}"
EndProject
Project("{FAE04EC0-301F-11D3-BF4B-00C04F79EFBC}") = "BuildApp", "Tools\BuildApp\BuildApp.csproj", "{B906DF30-455A-4B2F-89D5-28665F1D6A98}"
EndProject
Project("{54435603-DBB4-11D2-8724-00A0C9A8B90C}") = "A2v10.Desktop.Merge", "A2v10.Installer\A2v10.Desktop.Merge\A2v10.Desktop.Merge.vdproj", "{0EF7E3F3-829F-49CA-AEE2-68724F6EE288}"
EndProject
Project("{FAE04EC0-301F-11D3-BF4B-00C04F79EFBC}") = "A2v10.Web.Runtime", "A2v10.Web.Runtime\A2v10.Web.Runtime.csproj", "{0D7CDD44-AE77-4169-99BA-16C91E93D9F4}"
EndProject
Global
	GlobalSection(SolutionConfigurationPlatforms) = preSolution
		Debug|Any CPU = Debug|Any CPU
		Debug|x64 = Debug|x64
		Debug|x86 = Debug|x86
		Release|Any CPU = Release|Any CPU
		Release|x64 = Release|x64
		Release|x86 = Release|x86
	EndGlobalSection
	GlobalSection(ProjectConfigurationPlatforms) = postSolution
		{478240AB-9772-4F70-8E31-BD0303CBF836}.Debug|Any CPU.ActiveCfg = Debug|Any CPU
		{478240AB-9772-4F70-8E31-BD0303CBF836}.Debug|Any CPU.Build.0 = Debug|Any CPU
		{478240AB-9772-4F70-8E31-BD0303CBF836}.Debug|x64.ActiveCfg = Debug|Any CPU
		{478240AB-9772-4F70-8E31-BD0303CBF836}.Debug|x64.Build.0 = Debug|Any CPU
		{478240AB-9772-4F70-8E31-BD0303CBF836}.Debug|x86.ActiveCfg = Debug|Any CPU
		{478240AB-9772-4F70-8E31-BD0303CBF836}.Debug|x86.Build.0 = Debug|Any CPU
		{478240AB-9772-4F70-8E31-BD0303CBF836}.Release|Any CPU.ActiveCfg = Release|Any CPU
		{478240AB-9772-4F70-8E31-BD0303CBF836}.Release|Any CPU.Build.0 = Release|Any CPU
		{478240AB-9772-4F70-8E31-BD0303CBF836}.Release|x64.ActiveCfg = Release|Any CPU
		{478240AB-9772-4F70-8E31-BD0303CBF836}.Release|x64.Build.0 = Release|Any CPU
		{478240AB-9772-4F70-8E31-BD0303CBF836}.Release|x86.ActiveCfg = Release|Any CPU
		{478240AB-9772-4F70-8E31-BD0303CBF836}.Release|x86.Build.0 = Release|Any CPU
		{8AB56ABE-3894-40EE-A5B7-36B57B70D1BE}.Debug|Any CPU.ActiveCfg = Debug|Any CPU
		{8AB56ABE-3894-40EE-A5B7-36B57B70D1BE}.Debug|Any CPU.Build.0 = Debug|Any CPU
		{8AB56ABE-3894-40EE-A5B7-36B57B70D1BE}.Debug|x64.ActiveCfg = Debug|Any CPU
		{8AB56ABE-3894-40EE-A5B7-36B57B70D1BE}.Debug|x64.Build.0 = Debug|Any CPU
		{8AB56ABE-3894-40EE-A5B7-36B57B70D1BE}.Debug|x86.ActiveCfg = Debug|Any CPU
		{8AB56ABE-3894-40EE-A5B7-36B57B70D1BE}.Debug|x86.Build.0 = Debug|Any CPU
		{8AB56ABE-3894-40EE-A5B7-36B57B70D1BE}.Release|Any CPU.ActiveCfg = Release|Any CPU
		{8AB56ABE-3894-40EE-A5B7-36B57B70D1BE}.Release|Any CPU.Build.0 = Release|Any CPU
		{8AB56ABE-3894-40EE-A5B7-36B57B70D1BE}.Release|x64.ActiveCfg = Release|Any CPU
		{8AB56ABE-3894-40EE-A5B7-36B57B70D1BE}.Release|x64.Build.0 = Release|Any CPU
		{8AB56ABE-3894-40EE-A5B7-36B57B70D1BE}.Release|x86.ActiveCfg = Release|Any CPU
		{8AB56ABE-3894-40EE-A5B7-36B57B70D1BE}.Release|x86.Build.0 = Release|Any CPU
		{E0577880-9B04-4A2A-B791-8FDB47CAA3BC}.Debug|Any CPU.ActiveCfg = Debug|Any CPU
		{E0577880-9B04-4A2A-B791-8FDB47CAA3BC}.Debug|Any CPU.Build.0 = Debug|Any CPU
		{E0577880-9B04-4A2A-B791-8FDB47CAA3BC}.Debug|x64.ActiveCfg = Debug|Any CPU
		{E0577880-9B04-4A2A-B791-8FDB47CAA3BC}.Debug|x64.Build.0 = Debug|Any CPU
		{E0577880-9B04-4A2A-B791-8FDB47CAA3BC}.Debug|x86.ActiveCfg = Debug|Any CPU
		{E0577880-9B04-4A2A-B791-8FDB47CAA3BC}.Debug|x86.Build.0 = Debug|Any CPU
		{E0577880-9B04-4A2A-B791-8FDB47CAA3BC}.Release|Any CPU.ActiveCfg = Release|Any CPU
		{E0577880-9B04-4A2A-B791-8FDB47CAA3BC}.Release|Any CPU.Build.0 = Release|Any CPU
		{E0577880-9B04-4A2A-B791-8FDB47CAA3BC}.Release|x64.ActiveCfg = Release|Any CPU
		{E0577880-9B04-4A2A-B791-8FDB47CAA3BC}.Release|x64.Build.0 = Release|Any CPU
		{E0577880-9B04-4A2A-B791-8FDB47CAA3BC}.Release|x86.ActiveCfg = Release|Any CPU
		{E0577880-9B04-4A2A-B791-8FDB47CAA3BC}.Release|x86.Build.0 = Release|Any CPU
		{57A2C839-E820-4226-A881-CB8F8FEC149A}.Debug|Any CPU.ActiveCfg = Debug|Win32
		{57A2C839-E820-4226-A881-CB8F8FEC149A}.Debug|Any CPU.Build.0 = Debug|Win32
		{57A2C839-E820-4226-A881-CB8F8FEC149A}.Debug|x64.ActiveCfg = Debug|x64
		{57A2C839-E820-4226-A881-CB8F8FEC149A}.Debug|x64.Build.0 = Debug|x64
		{57A2C839-E820-4226-A881-CB8F8FEC149A}.Debug|x86.ActiveCfg = Debug|Win32
		{57A2C839-E820-4226-A881-CB8F8FEC149A}.Debug|x86.Build.0 = Debug|Win32
		{57A2C839-E820-4226-A881-CB8F8FEC149A}.Release|Any CPU.ActiveCfg = Release|Win32
		{57A2C839-E820-4226-A881-CB8F8FEC149A}.Release|Any CPU.Build.0 = Release|Win32
		{57A2C839-E820-4226-A881-CB8F8FEC149A}.Release|x64.ActiveCfg = Release|x64
		{57A2C839-E820-4226-A881-CB8F8FEC149A}.Release|x64.Build.0 = Release|x64
		{57A2C839-E820-4226-A881-CB8F8FEC149A}.Release|x86.ActiveCfg = Release|Win32
		{57A2C839-E820-4226-A881-CB8F8FEC149A}.Release|x86.Build.0 = Release|Win32
		{2DF7BB2D-75C2-44BD-8AFB-42DF5870EE32}.Debug|Any CPU.ActiveCfg = Debug|Win32
		{2DF7BB2D-75C2-44BD-8AFB-42DF5870EE32}.Debug|Any CPU.Build.0 = Debug|Win32
		{2DF7BB2D-75C2-44BD-8AFB-42DF5870EE32}.Debug|x64.ActiveCfg = Debug|x64
		{2DF7BB2D-75C2-44BD-8AFB-42DF5870EE32}.Debug|x64.Build.0 = Debug|x64
		{2DF7BB2D-75C2-44BD-8AFB-42DF5870EE32}.Debug|x86.ActiveCfg = Debug|Win32
		{2DF7BB2D-75C2-44BD-8AFB-42DF5870EE32}.Debug|x86.Build.0 = Debug|Win32
		{2DF7BB2D-75C2-44BD-8AFB-42DF5870EE32}.Release|Any CPU.ActiveCfg = Release|Win32
		{2DF7BB2D-75C2-44BD-8AFB-42DF5870EE32}.Release|Any CPU.Build.0 = Release|Win32
		{2DF7BB2D-75C2-44BD-8AFB-42DF5870EE32}.Release|x64.ActiveCfg = Release|x64
		{2DF7BB2D-75C2-44BD-8AFB-42DF5870EE32}.Release|x64.Build.0 = Release|x64
		{2DF7BB2D-75C2-44BD-8AFB-42DF5870EE32}.Release|x86.ActiveCfg = Release|Win32
		{2DF7BB2D-75C2-44BD-8AFB-42DF5870EE32}.Release|x86.Build.0 = Release|Win32
		{353BFB0D-DA78-4C2E-8F03-6DB6134CB341}.Debug|Any CPU.ActiveCfg = Debug|Any CPU
		{353BFB0D-DA78-4C2E-8F03-6DB6134CB341}.Debug|Any CPU.Build.0 = Debug|Any CPU
		{353BFB0D-DA78-4C2E-8F03-6DB6134CB341}.Debug|x64.ActiveCfg = Debug|Any CPU
		{353BFB0D-DA78-4C2E-8F03-6DB6134CB341}.Debug|x64.Build.0 = Debug|Any CPU
		{353BFB0D-DA78-4C2E-8F03-6DB6134CB341}.Debug|x86.ActiveCfg = Debug|Any CPU
		{353BFB0D-DA78-4C2E-8F03-6DB6134CB341}.Debug|x86.Build.0 = Debug|Any CPU
		{353BFB0D-DA78-4C2E-8F03-6DB6134CB341}.Release|Any CPU.ActiveCfg = Release|Any CPU
		{353BFB0D-DA78-4C2E-8F03-6DB6134CB341}.Release|Any CPU.Build.0 = Release|Any CPU
		{353BFB0D-DA78-4C2E-8F03-6DB6134CB341}.Release|x64.ActiveCfg = Release|Any CPU
		{353BFB0D-DA78-4C2E-8F03-6DB6134CB341}.Release|x64.Build.0 = Release|Any CPU
		{353BFB0D-DA78-4C2E-8F03-6DB6134CB341}.Release|x86.ActiveCfg = Release|Any CPU
		{353BFB0D-DA78-4C2E-8F03-6DB6134CB341}.Release|x86.Build.0 = Release|Any CPU
		{A3C33261-F421-4CE9-9422-0158B081DE6A}.Debug|Any CPU.ActiveCfg = Debug|Any CPU
		{A3C33261-F421-4CE9-9422-0158B081DE6A}.Debug|Any CPU.Build.0 = Debug|Any CPU
		{A3C33261-F421-4CE9-9422-0158B081DE6A}.Debug|x64.ActiveCfg = Debug|Any CPU
		{A3C33261-F421-4CE9-9422-0158B081DE6A}.Debug|x64.Build.0 = Debug|Any CPU
		{A3C33261-F421-4CE9-9422-0158B081DE6A}.Debug|x86.ActiveCfg = Debug|Any CPU
		{A3C33261-F421-4CE9-9422-0158B081DE6A}.Debug|x86.Build.0 = Debug|Any CPU
		{A3C33261-F421-4CE9-9422-0158B081DE6A}.Release|Any CPU.ActiveCfg = Release|Any CPU
		{A3C33261-F421-4CE9-9422-0158B081DE6A}.Release|Any CPU.Build.0 = Release|Any CPU
		{A3C33261-F421-4CE9-9422-0158B081DE6A}.Release|x64.ActiveCfg = Release|Any CPU
		{A3C33261-F421-4CE9-9422-0158B081DE6A}.Release|x64.Build.0 = Release|Any CPU
		{A3C33261-F421-4CE9-9422-0158B081DE6A}.Release|x86.ActiveCfg = Release|Any CPU
		{A3C33261-F421-4CE9-9422-0158B081DE6A}.Release|x86.Build.0 = Release|Any CPU
		{DCD07C48-1983-4861-9717-3A770C3C37E0}.Debug|Any CPU.ActiveCfg = Debug|Any CPU
		{DCD07C48-1983-4861-9717-3A770C3C37E0}.Debug|Any CPU.Build.0 = Debug|Any CPU
		{DCD07C48-1983-4861-9717-3A770C3C37E0}.Debug|x64.ActiveCfg = Debug|Any CPU
		{DCD07C48-1983-4861-9717-3A770C3C37E0}.Debug|x64.Build.0 = Debug|Any CPU
		{DCD07C48-1983-4861-9717-3A770C3C37E0}.Debug|x86.ActiveCfg = Debug|Any CPU
		{DCD07C48-1983-4861-9717-3A770C3C37E0}.Debug|x86.Build.0 = Debug|Any CPU
		{DCD07C48-1983-4861-9717-3A770C3C37E0}.Release|Any CPU.ActiveCfg = Release|Any CPU
		{DCD07C48-1983-4861-9717-3A770C3C37E0}.Release|Any CPU.Build.0 = Release|Any CPU
		{DCD07C48-1983-4861-9717-3A770C3C37E0}.Release|x64.ActiveCfg = Release|Any CPU
		{DCD07C48-1983-4861-9717-3A770C3C37E0}.Release|x64.Build.0 = Release|Any CPU
		{DCD07C48-1983-4861-9717-3A770C3C37E0}.Release|x86.ActiveCfg = Release|Any CPU
		{DCD07C48-1983-4861-9717-3A770C3C37E0}.Release|x86.Build.0 = Release|Any CPU
		{28B1AA42-7BD9-469A-BAD2-0000148D8754}.Debug|Any CPU.ActiveCfg = Debug|Win32
		{28B1AA42-7BD9-469A-BAD2-0000148D8754}.Debug|Any CPU.Build.0 = Debug|Win32
		{28B1AA42-7BD9-469A-BAD2-0000148D8754}.Debug|x64.ActiveCfg = Debug|x64
		{28B1AA42-7BD9-469A-BAD2-0000148D8754}.Debug|x64.Build.0 = Debug|x64
		{28B1AA42-7BD9-469A-BAD2-0000148D8754}.Debug|x86.ActiveCfg = Debug|Win32
		{28B1AA42-7BD9-469A-BAD2-0000148D8754}.Debug|x86.Build.0 = Debug|Win32
		{28B1AA42-7BD9-469A-BAD2-0000148D8754}.Release|Any CPU.ActiveCfg = Release|Win32
		{28B1AA42-7BD9-469A-BAD2-0000148D8754}.Release|Any CPU.Build.0 = Release|Win32
		{28B1AA42-7BD9-469A-BAD2-0000148D8754}.Release|x64.ActiveCfg = Release|x64
		{28B1AA42-7BD9-469A-BAD2-0000148D8754}.Release|x64.Build.0 = Release|x64
		{28B1AA42-7BD9-469A-BAD2-0000148D8754}.Release|x86.ActiveCfg = Release|Win32
		{28B1AA42-7BD9-469A-BAD2-0000148D8754}.Release|x86.Build.0 = Release|Win32
		{8D4A108F-28A4-4C56-BB2C-D189E6AB01C9}.Debug|Any CPU.ActiveCfg = Debug|Any CPU
		{8D4A108F-28A4-4C56-BB2C-D189E6AB01C9}.Debug|Any CPU.Build.0 = Debug|Any CPU
		{8D4A108F-28A4-4C56-BB2C-D189E6AB01C9}.Debug|x64.ActiveCfg = Debug|Any CPU
		{8D4A108F-28A4-4C56-BB2C-D189E6AB01C9}.Debug|x64.Build.0 = Debug|Any CPU
		{8D4A108F-28A4-4C56-BB2C-D189E6AB01C9}.Debug|x86.ActiveCfg = Debug|Any CPU
		{8D4A108F-28A4-4C56-BB2C-D189E6AB01C9}.Debug|x86.Build.0 = Debug|Any CPU
		{8D4A108F-28A4-4C56-BB2C-D189E6AB01C9}.Release|Any CPU.ActiveCfg = Release|Any CPU
		{8D4A108F-28A4-4C56-BB2C-D189E6AB01C9}.Release|Any CPU.Build.0 = Release|Any CPU
		{8D4A108F-28A4-4C56-BB2C-D189E6AB01C9}.Release|x64.ActiveCfg = Release|Any CPU
		{8D4A108F-28A4-4C56-BB2C-D189E6AB01C9}.Release|x64.Build.0 = Release|Any CPU
		{8D4A108F-28A4-4C56-BB2C-D189E6AB01C9}.Release|x86.ActiveCfg = Release|Any CPU
		{8D4A108F-28A4-4C56-BB2C-D189E6AB01C9}.Release|x86.Build.0 = Release|Any CPU
		{D83CDCFC-2189-4A41-A978-72E76DEF978F}.Debug|Any CPU.ActiveCfg = Debug|Win32
		{D83CDCFC-2189-4A41-A978-72E76DEF978F}.Debug|Any CPU.Build.0 = Debug|Win32
		{D83CDCFC-2189-4A41-A978-72E76DEF978F}.Debug|x64.ActiveCfg = Debug|x64
		{D83CDCFC-2189-4A41-A978-72E76DEF978F}.Debug|x64.Build.0 = Debug|x64
		{D83CDCFC-2189-4A41-A978-72E76DEF978F}.Debug|x86.ActiveCfg = Debug|Win32
		{D83CDCFC-2189-4A41-A978-72E76DEF978F}.Debug|x86.Build.0 = Debug|Win32
		{D83CDCFC-2189-4A41-A978-72E76DEF978F}.Release|Any CPU.ActiveCfg = Release|Win32
		{D83CDCFC-2189-4A41-A978-72E76DEF978F}.Release|Any CPU.Build.0 = Release|Win32
		{D83CDCFC-2189-4A41-A978-72E76DEF978F}.Release|x64.ActiveCfg = Release|x64
		{D83CDCFC-2189-4A41-A978-72E76DEF978F}.Release|x64.Build.0 = Release|x64
		{D83CDCFC-2189-4A41-A978-72E76DEF978F}.Release|x86.ActiveCfg = Release|Win32
		{D83CDCFC-2189-4A41-A978-72E76DEF978F}.Release|x86.Build.0 = Release|Win32
		{22C8C752-65C0-4EDE-BBC7-BA1BC297376C}.Debug|Any CPU.ActiveCfg = Debug|Win32
		{22C8C752-65C0-4EDE-BBC7-BA1BC297376C}.Debug|Any CPU.Build.0 = Debug|Win32
		{22C8C752-65C0-4EDE-BBC7-BA1BC297376C}.Debug|x64.ActiveCfg = Debug|x64
		{22C8C752-65C0-4EDE-BBC7-BA1BC297376C}.Debug|x64.Build.0 = Debug|x64
		{22C8C752-65C0-4EDE-BBC7-BA1BC297376C}.Debug|x86.ActiveCfg = Debug|Win32
		{22C8C752-65C0-4EDE-BBC7-BA1BC297376C}.Debug|x86.Build.0 = Debug|Win32
		{22C8C752-65C0-4EDE-BBC7-BA1BC297376C}.Release|Any CPU.ActiveCfg = Release|Win32
		{22C8C752-65C0-4EDE-BBC7-BA1BC297376C}.Release|Any CPU.Build.0 = Release|Win32
		{22C8C752-65C0-4EDE-BBC7-BA1BC297376C}.Release|x64.ActiveCfg = Release|x64
		{22C8C752-65C0-4EDE-BBC7-BA1BC297376C}.Release|x64.Build.0 = Release|x64
		{22C8C752-65C0-4EDE-BBC7-BA1BC297376C}.Release|x86.ActiveCfg = Release|Win32
		{22C8C752-65C0-4EDE-BBC7-BA1BC297376C}.Release|x86.Build.0 = Release|Win32
		{4FADD7BC-8EEC-4A85-AD5A-E0AEF78A65DC}.Debug|Any CPU.ActiveCfg = Debug|Win32
		{4FADD7BC-8EEC-4A85-AD5A-E0AEF78A65DC}.Debug|Any CPU.Build.0 = Debug|Win32
		{4FADD7BC-8EEC-4A85-AD5A-E0AEF78A65DC}.Debug|x64.ActiveCfg = Debug|x64
		{4FADD7BC-8EEC-4A85-AD5A-E0AEF78A65DC}.Debug|x64.Build.0 = Debug|x64
		{4FADD7BC-8EEC-4A85-AD5A-E0AEF78A65DC}.Debug|x86.ActiveCfg = Debug|Win32
		{4FADD7BC-8EEC-4A85-AD5A-E0AEF78A65DC}.Debug|x86.Build.0 = Debug|Win32
		{4FADD7BC-8EEC-4A85-AD5A-E0AEF78A65DC}.Release|Any CPU.ActiveCfg = Release|Win32
		{4FADD7BC-8EEC-4A85-AD5A-E0AEF78A65DC}.Release|Any CPU.Build.0 = Release|Win32
		{4FADD7BC-8EEC-4A85-AD5A-E0AEF78A65DC}.Release|x64.ActiveCfg = Release|x64
		{4FADD7BC-8EEC-4A85-AD5A-E0AEF78A65DC}.Release|x64.Build.0 = Release|x64
		{4FADD7BC-8EEC-4A85-AD5A-E0AEF78A65DC}.Release|x86.ActiveCfg = Release|Win32
		{4FADD7BC-8EEC-4A85-AD5A-E0AEF78A65DC}.Release|x86.Build.0 = Release|Win32
		{76269196-DB55-4299-AE0F-A33A5BAB294F}.Debug|Any CPU.ActiveCfg = Debug|Any CPU
		{76269196-DB55-4299-AE0F-A33A5BAB294F}.Debug|Any CPU.Build.0 = Debug|Any CPU
		{76269196-DB55-4299-AE0F-A33A5BAB294F}.Debug|x64.ActiveCfg = Debug|Any CPU
		{76269196-DB55-4299-AE0F-A33A5BAB294F}.Debug|x64.Build.0 = Debug|Any CPU
		{76269196-DB55-4299-AE0F-A33A5BAB294F}.Debug|x86.ActiveCfg = Debug|Any CPU
		{76269196-DB55-4299-AE0F-A33A5BAB294F}.Debug|x86.Build.0 = Debug|Any CPU
		{76269196-DB55-4299-AE0F-A33A5BAB294F}.Release|Any CPU.ActiveCfg = Release|Any CPU
		{76269196-DB55-4299-AE0F-A33A5BAB294F}.Release|Any CPU.Build.0 = Release|Any CPU
		{76269196-DB55-4299-AE0F-A33A5BAB294F}.Release|x64.ActiveCfg = Release|Any CPU
		{76269196-DB55-4299-AE0F-A33A5BAB294F}.Release|x64.Build.0 = Release|Any CPU
		{76269196-DB55-4299-AE0F-A33A5BAB294F}.Release|x86.ActiveCfg = Release|Any CPU
		{76269196-DB55-4299-AE0F-A33A5BAB294F}.Release|x86.Build.0 = Release|Any CPU
		{B157E1E0-9C29-44EE-9060-BBD1060486F5}.Debug|Any CPU.ActiveCfg = Debug|Win32
		{B157E1E0-9C29-44EE-9060-BBD1060486F5}.Debug|Any CPU.Build.0 = Debug|Win32
		{B157E1E0-9C29-44EE-9060-BBD1060486F5}.Debug|x64.ActiveCfg = Debug|x64
		{B157E1E0-9C29-44EE-9060-BBD1060486F5}.Debug|x64.Build.0 = Debug|x64
		{B157E1E0-9C29-44EE-9060-BBD1060486F5}.Debug|x86.ActiveCfg = Debug|Win32
		{B157E1E0-9C29-44EE-9060-BBD1060486F5}.Debug|x86.Build.0 = Debug|Win32
		{B157E1E0-9C29-44EE-9060-BBD1060486F5}.Release|Any CPU.ActiveCfg = Release|Win32
		{B157E1E0-9C29-44EE-9060-BBD1060486F5}.Release|Any CPU.Build.0 = Release|Win32
		{B157E1E0-9C29-44EE-9060-BBD1060486F5}.Release|x64.ActiveCfg = Release|x64
		{B157E1E0-9C29-44EE-9060-BBD1060486F5}.Release|x64.Build.0 = Release|x64
		{B157E1E0-9C29-44EE-9060-BBD1060486F5}.Release|x86.ActiveCfg = Release|Win32
		{B157E1E0-9C29-44EE-9060-BBD1060486F5}.Release|x86.Build.0 = Release|Win32
		{64F0A84F-87DA-45B3-9722-7FA341383CF8}.Debug|Any CPU.ActiveCfg = Debug|Any CPU
		{64F0A84F-87DA-45B3-9722-7FA341383CF8}.Debug|Any CPU.Build.0 = Debug|Any CPU
		{64F0A84F-87DA-45B3-9722-7FA341383CF8}.Debug|x64.ActiveCfg = Debug|Any CPU
		{64F0A84F-87DA-45B3-9722-7FA341383CF8}.Debug|x64.Build.0 = Debug|Any CPU
		{64F0A84F-87DA-45B3-9722-7FA341383CF8}.Debug|x86.ActiveCfg = Debug|Any CPU
		{64F0A84F-87DA-45B3-9722-7FA341383CF8}.Debug|x86.Build.0 = Debug|Any CPU
		{64F0A84F-87DA-45B3-9722-7FA341383CF8}.Release|Any CPU.ActiveCfg = Release|Any CPU
		{64F0A84F-87DA-45B3-9722-7FA341383CF8}.Release|Any CPU.Build.0 = Release|Any CPU
		{64F0A84F-87DA-45B3-9722-7FA341383CF8}.Release|x64.ActiveCfg = Release|Any CPU
		{64F0A84F-87DA-45B3-9722-7FA341383CF8}.Release|x64.Build.0 = Release|Any CPU
		{64F0A84F-87DA-45B3-9722-7FA341383CF8}.Release|x86.ActiveCfg = Release|Any CPU
		{64F0A84F-87DA-45B3-9722-7FA341383CF8}.Release|x86.Build.0 = Release|Any CPU
		{C7D30183-7B8E-4F4A-9F04-9AC1C4DAA81A}.Debug|Any CPU.ActiveCfg = Debug|Any CPU
		{C7D30183-7B8E-4F4A-9F04-9AC1C4DAA81A}.Debug|x64.ActiveCfg = Debug|Any CPU
		{C7D30183-7B8E-4F4A-9F04-9AC1C4DAA81A}.Debug|x64.Build.0 = Debug|Any CPU
		{C7D30183-7B8E-4F4A-9F04-9AC1C4DAA81A}.Debug|x86.ActiveCfg = Debug|Any CPU
		{C7D30183-7B8E-4F4A-9F04-9AC1C4DAA81A}.Debug|x86.Build.0 = Debug|Any CPU
		{C7D30183-7B8E-4F4A-9F04-9AC1C4DAA81A}.Release|Any CPU.ActiveCfg = Release|Any CPU
		{C7D30183-7B8E-4F4A-9F04-9AC1C4DAA81A}.Release|x64.ActiveCfg = Release|Any CPU
		{C7D30183-7B8E-4F4A-9F04-9AC1C4DAA81A}.Release|x64.Build.0 = Release|Any CPU
		{C7D30183-7B8E-4F4A-9F04-9AC1C4DAA81A}.Release|x86.ActiveCfg = Release|Any CPU
		{C7D30183-7B8E-4F4A-9F04-9AC1C4DAA81A}.Release|x86.Build.0 = Release|Any CPU
		{4ABB9B68-F32C-4262-8AFF-0AF8A1087D30}.Debug|Any CPU.ActiveCfg = Debug|Any CPU
		{4ABB9B68-F32C-4262-8AFF-0AF8A1087D30}.Debug|Any CPU.Build.0 = Debug|Any CPU
		{4ABB9B68-F32C-4262-8AFF-0AF8A1087D30}.Debug|x64.ActiveCfg = Debug|Any CPU
		{4ABB9B68-F32C-4262-8AFF-0AF8A1087D30}.Debug|x64.Build.0 = Debug|Any CPU
		{4ABB9B68-F32C-4262-8AFF-0AF8A1087D30}.Debug|x86.ActiveCfg = Debug|Any CPU
		{4ABB9B68-F32C-4262-8AFF-0AF8A1087D30}.Debug|x86.Build.0 = Debug|Any CPU
		{4ABB9B68-F32C-4262-8AFF-0AF8A1087D30}.Release|Any CPU.ActiveCfg = Release|Any CPU
		{4ABB9B68-F32C-4262-8AFF-0AF8A1087D30}.Release|Any CPU.Build.0 = Release|Any CPU
		{4ABB9B68-F32C-4262-8AFF-0AF8A1087D30}.Release|x64.ActiveCfg = Release|Any CPU
		{4ABB9B68-F32C-4262-8AFF-0AF8A1087D30}.Release|x64.Build.0 = Release|Any CPU
		{4ABB9B68-F32C-4262-8AFF-0AF8A1087D30}.Release|x86.ActiveCfg = Release|Any CPU
		{4ABB9B68-F32C-4262-8AFF-0AF8A1087D30}.Release|x86.Build.0 = Release|Any CPU
		{0562C1FE-B4B7-4EE2-BF83-1808EBD63D05}.Debug|Any CPU.ActiveCfg = Debug|Any CPU
		{0562C1FE-B4B7-4EE2-BF83-1808EBD63D05}.Debug|Any CPU.Build.0 = Debug|Any CPU
		{0562C1FE-B4B7-4EE2-BF83-1808EBD63D05}.Debug|x64.ActiveCfg = Debug|Any CPU
		{0562C1FE-B4B7-4EE2-BF83-1808EBD63D05}.Debug|x64.Build.0 = Debug|Any CPU
		{0562C1FE-B4B7-4EE2-BF83-1808EBD63D05}.Debug|x86.ActiveCfg = Debug|Any CPU
		{0562C1FE-B4B7-4EE2-BF83-1808EBD63D05}.Debug|x86.Build.0 = Debug|Any CPU
		{0562C1FE-B4B7-4EE2-BF83-1808EBD63D05}.Release|Any CPU.ActiveCfg = Release|Any CPU
		{0562C1FE-B4B7-4EE2-BF83-1808EBD63D05}.Release|Any CPU.Build.0 = Release|Any CPU
		{0562C1FE-B4B7-4EE2-BF83-1808EBD63D05}.Release|x64.ActiveCfg = Release|Any CPU
		{0562C1FE-B4B7-4EE2-BF83-1808EBD63D05}.Release|x64.Build.0 = Release|Any CPU
		{0562C1FE-B4B7-4EE2-BF83-1808EBD63D05}.Release|x86.ActiveCfg = Release|Any CPU
		{0562C1FE-B4B7-4EE2-BF83-1808EBD63D05}.Release|x86.Build.0 = Release|Any CPU
		{D83666A0-ACF5-47E6-94CF-732DDDABBEA2}.Debug|Any CPU.ActiveCfg = Debug|Any CPU
		{D83666A0-ACF5-47E6-94CF-732DDDABBEA2}.Debug|Any CPU.Build.0 = Debug|Any CPU
		{D83666A0-ACF5-47E6-94CF-732DDDABBEA2}.Debug|x64.ActiveCfg = Debug|Any CPU
		{D83666A0-ACF5-47E6-94CF-732DDDABBEA2}.Debug|x64.Build.0 = Debug|Any CPU
		{D83666A0-ACF5-47E6-94CF-732DDDABBEA2}.Debug|x86.ActiveCfg = Debug|Any CPU
		{D83666A0-ACF5-47E6-94CF-732DDDABBEA2}.Debug|x86.Build.0 = Debug|Any CPU
		{D83666A0-ACF5-47E6-94CF-732DDDABBEA2}.Release|Any CPU.ActiveCfg = Release|Any CPU
		{D83666A0-ACF5-47E6-94CF-732DDDABBEA2}.Release|Any CPU.Build.0 = Release|Any CPU
		{D83666A0-ACF5-47E6-94CF-732DDDABBEA2}.Release|x64.ActiveCfg = Release|Any CPU
		{D83666A0-ACF5-47E6-94CF-732DDDABBEA2}.Release|x64.Build.0 = Release|Any CPU
		{D83666A0-ACF5-47E6-94CF-732DDDABBEA2}.Release|x86.ActiveCfg = Release|Any CPU
		{D83666A0-ACF5-47E6-94CF-732DDDABBEA2}.Release|x86.Build.0 = Release|Any CPU
		{C9592E99-8DD0-4E9E-BCD9-4FBB692DD08A}.Debug|Any CPU.ActiveCfg = Debug
		{C9592E99-8DD0-4E9E-BCD9-4FBB692DD08A}.Debug|x64.ActiveCfg = Debug
		{C9592E99-8DD0-4E9E-BCD9-4FBB692DD08A}.Debug|x86.ActiveCfg = Debug
		{C9592E99-8DD0-4E9E-BCD9-4FBB692DD08A}.Release|Any CPU.ActiveCfg = Release
		{C9592E99-8DD0-4E9E-BCD9-4FBB692DD08A}.Release|x64.ActiveCfg = Release
		{C9592E99-8DD0-4E9E-BCD9-4FBB692DD08A}.Release|x86.ActiveCfg = Release
		{3CEFBA76-9ED3-40B4-A844-CC17D960202F}.Debug|Any CPU.ActiveCfg = Debug|Any CPU
		{3CEFBA76-9ED3-40B4-A844-CC17D960202F}.Debug|Any CPU.Build.0 = Debug|Any CPU
		{3CEFBA76-9ED3-40B4-A844-CC17D960202F}.Debug|x64.ActiveCfg = Debug|Any CPU
		{3CEFBA76-9ED3-40B4-A844-CC17D960202F}.Debug|x64.Build.0 = Debug|Any CPU
		{3CEFBA76-9ED3-40B4-A844-CC17D960202F}.Debug|x86.ActiveCfg = Debug|Any CPU
		{3CEFBA76-9ED3-40B4-A844-CC17D960202F}.Debug|x86.Build.0 = Debug|Any CPU
		{3CEFBA76-9ED3-40B4-A844-CC17D960202F}.Release|Any CPU.ActiveCfg = Release|Any CPU
		{3CEFBA76-9ED3-40B4-A844-CC17D960202F}.Release|Any CPU.Build.0 = Release|Any CPU
		{3CEFBA76-9ED3-40B4-A844-CC17D960202F}.Release|x64.ActiveCfg = Release|Any CPU
		{3CEFBA76-9ED3-40B4-A844-CC17D960202F}.Release|x64.Build.0 = Release|Any CPU
		{3CEFBA76-9ED3-40B4-A844-CC17D960202F}.Release|x86.ActiveCfg = Release|Any CPU
		{3CEFBA76-9ED3-40B4-A844-CC17D960202F}.Release|x86.Build.0 = Release|Any CPU
		{1C5A0097-29A8-4157-80C0-B865CEAFCCCE}.Debug|Any CPU.ActiveCfg = Debug|Any CPU
		{1C5A0097-29A8-4157-80C0-B865CEAFCCCE}.Debug|Any CPU.Build.0 = Debug|Any CPU
		{1C5A0097-29A8-4157-80C0-B865CEAFCCCE}.Debug|x64.ActiveCfg = Debug|Any CPU
		{1C5A0097-29A8-4157-80C0-B865CEAFCCCE}.Debug|x64.Build.0 = Debug|Any CPU
		{1C5A0097-29A8-4157-80C0-B865CEAFCCCE}.Debug|x86.ActiveCfg = Debug|Any CPU
		{1C5A0097-29A8-4157-80C0-B865CEAFCCCE}.Debug|x86.Build.0 = Debug|Any CPU
		{1C5A0097-29A8-4157-80C0-B865CEAFCCCE}.Release|Any CPU.ActiveCfg = Release|Any CPU
		{1C5A0097-29A8-4157-80C0-B865CEAFCCCE}.Release|Any CPU.Build.0 = Release|Any CPU
		{1C5A0097-29A8-4157-80C0-B865CEAFCCCE}.Release|x64.ActiveCfg = Release|Any CPU
		{1C5A0097-29A8-4157-80C0-B865CEAFCCCE}.Release|x64.Build.0 = Release|Any CPU
		{1C5A0097-29A8-4157-80C0-B865CEAFCCCE}.Release|x86.ActiveCfg = Release|Any CPU
		{1C5A0097-29A8-4157-80C0-B865CEAFCCCE}.Release|x86.Build.0 = Release|Any CPU
		{92474E5E-6FBA-4746-900C-55F68977E500}.Debug|Any CPU.ActiveCfg = Debug|Any CPU
		{92474E5E-6FBA-4746-900C-55F68977E500}.Debug|Any CPU.Build.0 = Debug|Any CPU
		{92474E5E-6FBA-4746-900C-55F68977E500}.Debug|x64.ActiveCfg = Debug|Any CPU
		{92474E5E-6FBA-4746-900C-55F68977E500}.Debug|x64.Build.0 = Debug|Any CPU
		{92474E5E-6FBA-4746-900C-55F68977E500}.Debug|x86.ActiveCfg = Debug|Any CPU
		{92474E5E-6FBA-4746-900C-55F68977E500}.Debug|x86.Build.0 = Debug|Any CPU
		{92474E5E-6FBA-4746-900C-55F68977E500}.Release|Any CPU.ActiveCfg = Release|Any CPU
		{92474E5E-6FBA-4746-900C-55F68977E500}.Release|Any CPU.Build.0 = Release|Any CPU
		{92474E5E-6FBA-4746-900C-55F68977E500}.Release|x64.ActiveCfg = Release|Any CPU
		{92474E5E-6FBA-4746-900C-55F68977E500}.Release|x64.Build.0 = Release|Any CPU
		{92474E5E-6FBA-4746-900C-55F68977E500}.Release|x86.ActiveCfg = Release|Any CPU
		{92474E5E-6FBA-4746-900C-55F68977E500}.Release|x86.Build.0 = Release|Any CPU
		{39661034-47AA-4BDF-9B19-C835B614B545}.Debug|Any CPU.ActiveCfg = Debug|Any CPU
		{39661034-47AA-4BDF-9B19-C835B614B545}.Debug|Any CPU.Build.0 = Debug|Any CPU
		{39661034-47AA-4BDF-9B19-C835B614B545}.Debug|x64.ActiveCfg = Debug|Any CPU
		{39661034-47AA-4BDF-9B19-C835B614B545}.Debug|x64.Build.0 = Debug|Any CPU
		{39661034-47AA-4BDF-9B19-C835B614B545}.Debug|x86.ActiveCfg = Debug|Any CPU
		{39661034-47AA-4BDF-9B19-C835B614B545}.Debug|x86.Build.0 = Debug|Any CPU
		{39661034-47AA-4BDF-9B19-C835B614B545}.Release|Any CPU.ActiveCfg = Release|Any CPU
		{39661034-47AA-4BDF-9B19-C835B614B545}.Release|Any CPU.Build.0 = Release|Any CPU
		{39661034-47AA-4BDF-9B19-C835B614B545}.Release|x64.ActiveCfg = Release|Any CPU
		{39661034-47AA-4BDF-9B19-C835B614B545}.Release|x64.Build.0 = Release|Any CPU
		{39661034-47AA-4BDF-9B19-C835B614B545}.Release|x86.ActiveCfg = Release|Any CPU
		{39661034-47AA-4BDF-9B19-C835B614B545}.Release|x86.Build.0 = Release|Any CPU
		{83C23F97-4F17-44FD-9933-FC8CAC1B589C}.Debug|Any CPU.ActiveCfg = Debug|Any CPU
		{83C23F97-4F17-44FD-9933-FC8CAC1B589C}.Debug|Any CPU.Build.0 = Debug|Any CPU
		{83C23F97-4F17-44FD-9933-FC8CAC1B589C}.Debug|x64.ActiveCfg = Debug|Any CPU
		{83C23F97-4F17-44FD-9933-FC8CAC1B589C}.Debug|x64.Build.0 = Debug|Any CPU
		{83C23F97-4F17-44FD-9933-FC8CAC1B589C}.Debug|x86.ActiveCfg = Debug|Any CPU
		{83C23F97-4F17-44FD-9933-FC8CAC1B589C}.Debug|x86.Build.0 = Debug|Any CPU
		{83C23F97-4F17-44FD-9933-FC8CAC1B589C}.Release|Any CPU.ActiveCfg = Release|Any CPU
		{83C23F97-4F17-44FD-9933-FC8CAC1B589C}.Release|Any CPU.Build.0 = Release|Any CPU
		{83C23F97-4F17-44FD-9933-FC8CAC1B589C}.Release|x64.ActiveCfg = Release|Any CPU
		{83C23F97-4F17-44FD-9933-FC8CAC1B589C}.Release|x64.Build.0 = Release|Any CPU
		{83C23F97-4F17-44FD-9933-FC8CAC1B589C}.Release|x86.ActiveCfg = Release|Any CPU
		{83C23F97-4F17-44FD-9933-FC8CAC1B589C}.Release|x86.Build.0 = Release|Any CPU
		{0E7FD5E8-15D5-4C2B-983F-1930848B19ED}.Debug|Any CPU.ActiveCfg = Debug|Any CPU
		{0E7FD5E8-15D5-4C2B-983F-1930848B19ED}.Debug|Any CPU.Build.0 = Debug|Any CPU
		{0E7FD5E8-15D5-4C2B-983F-1930848B19ED}.Debug|x64.ActiveCfg = Debug|Any CPU
		{0E7FD5E8-15D5-4C2B-983F-1930848B19ED}.Debug|x64.Build.0 = Debug|Any CPU
		{0E7FD5E8-15D5-4C2B-983F-1930848B19ED}.Debug|x86.ActiveCfg = Debug|Any CPU
		{0E7FD5E8-15D5-4C2B-983F-1930848B19ED}.Debug|x86.Build.0 = Debug|Any CPU
		{0E7FD5E8-15D5-4C2B-983F-1930848B19ED}.Release|Any CPU.ActiveCfg = Release|Any CPU
		{0E7FD5E8-15D5-4C2B-983F-1930848B19ED}.Release|Any CPU.Build.0 = Release|Any CPU
		{0E7FD5E8-15D5-4C2B-983F-1930848B19ED}.Release|x64.ActiveCfg = Release|Any CPU
		{0E7FD5E8-15D5-4C2B-983F-1930848B19ED}.Release|x64.Build.0 = Release|Any CPU
		{0E7FD5E8-15D5-4C2B-983F-1930848B19ED}.Release|x86.ActiveCfg = Release|Any CPU
		{0E7FD5E8-15D5-4C2B-983F-1930848B19ED}.Release|x86.Build.0 = Release|Any CPU
		{C53F9ED8-90A1-43DA-9EC4-8BCDB33E5D8F}.Debug|Any CPU.ActiveCfg = Debug|Any CPU
		{C53F9ED8-90A1-43DA-9EC4-8BCDB33E5D8F}.Debug|Any CPU.Build.0 = Debug|Any CPU
		{C53F9ED8-90A1-43DA-9EC4-8BCDB33E5D8F}.Debug|x64.ActiveCfg = Debug|Any CPU
		{C53F9ED8-90A1-43DA-9EC4-8BCDB33E5D8F}.Debug|x64.Build.0 = Debug|Any CPU
		{C53F9ED8-90A1-43DA-9EC4-8BCDB33E5D8F}.Debug|x86.ActiveCfg = Debug|Any CPU
		{C53F9ED8-90A1-43DA-9EC4-8BCDB33E5D8F}.Debug|x86.Build.0 = Debug|Any CPU
		{C53F9ED8-90A1-43DA-9EC4-8BCDB33E5D8F}.Release|Any CPU.ActiveCfg = Release|Any CPU
		{C53F9ED8-90A1-43DA-9EC4-8BCDB33E5D8F}.Release|Any CPU.Build.0 = Release|Any CPU
		{C53F9ED8-90A1-43DA-9EC4-8BCDB33E5D8F}.Release|x64.ActiveCfg = Release|Any CPU
		{C53F9ED8-90A1-43DA-9EC4-8BCDB33E5D8F}.Release|x64.Build.0 = Release|Any CPU
		{C53F9ED8-90A1-43DA-9EC4-8BCDB33E5D8F}.Release|x86.ActiveCfg = Release|Any CPU
		{C53F9ED8-90A1-43DA-9EC4-8BCDB33E5D8F}.Release|x86.Build.0 = Release|Any CPU
		{1562EE09-1FD2-41F6-B575-5BE0343196A4}.Debug|Any CPU.ActiveCfg = Debug|Any CPU
		{1562EE09-1FD2-41F6-B575-5BE0343196A4}.Debug|Any CPU.Build.0 = Debug|Any CPU
		{1562EE09-1FD2-41F6-B575-5BE0343196A4}.Debug|x64.ActiveCfg = Debug|Any CPU
		{1562EE09-1FD2-41F6-B575-5BE0343196A4}.Debug|x64.Build.0 = Debug|Any CPU
		{1562EE09-1FD2-41F6-B575-5BE0343196A4}.Debug|x86.ActiveCfg = Debug|Any CPU
		{1562EE09-1FD2-41F6-B575-5BE0343196A4}.Debug|x86.Build.0 = Debug|Any CPU
		{1562EE09-1FD2-41F6-B575-5BE0343196A4}.Release|Any CPU.ActiveCfg = Release|Any CPU
		{1562EE09-1FD2-41F6-B575-5BE0343196A4}.Release|Any CPU.Build.0 = Release|Any CPU
		{1562EE09-1FD2-41F6-B575-5BE0343196A4}.Release|x64.ActiveCfg = Release|Any CPU
		{1562EE09-1FD2-41F6-B575-5BE0343196A4}.Release|x64.Build.0 = Release|Any CPU
		{1562EE09-1FD2-41F6-B575-5BE0343196A4}.Release|x86.ActiveCfg = Release|Any CPU
		{1562EE09-1FD2-41F6-B575-5BE0343196A4}.Release|x86.Build.0 = Release|Any CPU
		{7C10EE54-7B2C-4D76-B5DE-802F26BD53AD}.Debug|Any CPU.ActiveCfg = Debug|Any CPU
		{7C10EE54-7B2C-4D76-B5DE-802F26BD53AD}.Debug|Any CPU.Build.0 = Debug|Any CPU
		{7C10EE54-7B2C-4D76-B5DE-802F26BD53AD}.Debug|x64.ActiveCfg = Debug|Any CPU
		{7C10EE54-7B2C-4D76-B5DE-802F26BD53AD}.Debug|x64.Build.0 = Debug|Any CPU
		{7C10EE54-7B2C-4D76-B5DE-802F26BD53AD}.Debug|x86.ActiveCfg = Debug|Any CPU
		{7C10EE54-7B2C-4D76-B5DE-802F26BD53AD}.Debug|x86.Build.0 = Debug|Any CPU
		{7C10EE54-7B2C-4D76-B5DE-802F26BD53AD}.Release|Any CPU.ActiveCfg = Release|Any CPU
		{7C10EE54-7B2C-4D76-B5DE-802F26BD53AD}.Release|Any CPU.Build.0 = Release|Any CPU
		{7C10EE54-7B2C-4D76-B5DE-802F26BD53AD}.Release|x64.ActiveCfg = Release|Any CPU
		{7C10EE54-7B2C-4D76-B5DE-802F26BD53AD}.Release|x64.Build.0 = Release|Any CPU
		{7C10EE54-7B2C-4D76-B5DE-802F26BD53AD}.Release|x86.ActiveCfg = Release|Any CPU
		{7C10EE54-7B2C-4D76-B5DE-802F26BD53AD}.Release|x86.Build.0 = Release|Any CPU
		{78E6DA53-9ABB-406F-A711-55FF00386029}.Debug|Any CPU.ActiveCfg = Debug|Any CPU
		{78E6DA53-9ABB-406F-A711-55FF00386029}.Debug|Any CPU.Build.0 = Debug|Any CPU
		{78E6DA53-9ABB-406F-A711-55FF00386029}.Debug|x64.ActiveCfg = Debug|Any CPU
		{78E6DA53-9ABB-406F-A711-55FF00386029}.Debug|x64.Build.0 = Debug|Any CPU
		{78E6DA53-9ABB-406F-A711-55FF00386029}.Debug|x86.ActiveCfg = Debug|Any CPU
		{78E6DA53-9ABB-406F-A711-55FF00386029}.Debug|x86.Build.0 = Debug|Any CPU
		{78E6DA53-9ABB-406F-A711-55FF00386029}.Release|Any CPU.ActiveCfg = Release|Any CPU
		{78E6DA53-9ABB-406F-A711-55FF00386029}.Release|Any CPU.Build.0 = Release|Any CPU
		{78E6DA53-9ABB-406F-A711-55FF00386029}.Release|x64.ActiveCfg = Release|Any CPU
		{78E6DA53-9ABB-406F-A711-55FF00386029}.Release|x64.Build.0 = Release|Any CPU
		{78E6DA53-9ABB-406F-A711-55FF00386029}.Release|x86.ActiveCfg = Release|Any CPU
		{78E6DA53-9ABB-406F-A711-55FF00386029}.Release|x86.Build.0 = Release|Any CPU
		{86BD6EE6-BC0B-42A9-9656-A6ABA29CA93C}.Debug|Any CPU.ActiveCfg = Debug|Any CPU
		{86BD6EE6-BC0B-42A9-9656-A6ABA29CA93C}.Debug|Any CPU.Build.0 = Debug|Any CPU
		{86BD6EE6-BC0B-42A9-9656-A6ABA29CA93C}.Debug|x64.ActiveCfg = Debug|Any CPU
		{86BD6EE6-BC0B-42A9-9656-A6ABA29CA93C}.Debug|x64.Build.0 = Debug|Any CPU
		{86BD6EE6-BC0B-42A9-9656-A6ABA29CA93C}.Debug|x86.ActiveCfg = Debug|Any CPU
		{86BD6EE6-BC0B-42A9-9656-A6ABA29CA93C}.Debug|x86.Build.0 = Debug|Any CPU
		{86BD6EE6-BC0B-42A9-9656-A6ABA29CA93C}.Release|Any CPU.ActiveCfg = Release|Any CPU
		{86BD6EE6-BC0B-42A9-9656-A6ABA29CA93C}.Release|Any CPU.Build.0 = Release|Any CPU
		{86BD6EE6-BC0B-42A9-9656-A6ABA29CA93C}.Release|x64.ActiveCfg = Release|Any CPU
		{86BD6EE6-BC0B-42A9-9656-A6ABA29CA93C}.Release|x64.Build.0 = Release|Any CPU
		{86BD6EE6-BC0B-42A9-9656-A6ABA29CA93C}.Release|x86.ActiveCfg = Release|Any CPU
		{86BD6EE6-BC0B-42A9-9656-A6ABA29CA93C}.Release|x86.Build.0 = Release|Any CPU
		{2FBBA076-26F4-4D61-872C-4EE29AFA1EDB}.Debug|Any CPU.ActiveCfg = Debug|Any CPU
		{2FBBA076-26F4-4D61-872C-4EE29AFA1EDB}.Debug|Any CPU.Build.0 = Debug|Any CPU
		{2FBBA076-26F4-4D61-872C-4EE29AFA1EDB}.Debug|x64.ActiveCfg = Debug|Any CPU
		{2FBBA076-26F4-4D61-872C-4EE29AFA1EDB}.Debug|x64.Build.0 = Debug|Any CPU
		{2FBBA076-26F4-4D61-872C-4EE29AFA1EDB}.Debug|x86.ActiveCfg = Debug|Any CPU
		{2FBBA076-26F4-4D61-872C-4EE29AFA1EDB}.Debug|x86.Build.0 = Debug|Any CPU
		{2FBBA076-26F4-4D61-872C-4EE29AFA1EDB}.Release|Any CPU.ActiveCfg = Release|Any CPU
		{2FBBA076-26F4-4D61-872C-4EE29AFA1EDB}.Release|Any CPU.Build.0 = Release|Any CPU
		{2FBBA076-26F4-4D61-872C-4EE29AFA1EDB}.Release|x64.ActiveCfg = Release|Any CPU
		{2FBBA076-26F4-4D61-872C-4EE29AFA1EDB}.Release|x64.Build.0 = Release|Any CPU
		{2FBBA076-26F4-4D61-872C-4EE29AFA1EDB}.Release|x86.ActiveCfg = Release|Any CPU
		{2FBBA076-26F4-4D61-872C-4EE29AFA1EDB}.Release|x86.Build.0 = Release|Any CPU
		{9F4A3A9F-1571-4FD4-9016-A4E4684D0D4B}.Debug|Any CPU.ActiveCfg = Debug|Any CPU
		{9F4A3A9F-1571-4FD4-9016-A4E4684D0D4B}.Debug|Any CPU.Build.0 = Debug|Any CPU
		{9F4A3A9F-1571-4FD4-9016-A4E4684D0D4B}.Debug|x64.ActiveCfg = Debug|Any CPU
		{9F4A3A9F-1571-4FD4-9016-A4E4684D0D4B}.Debug|x64.Build.0 = Debug|Any CPU
		{9F4A3A9F-1571-4FD4-9016-A4E4684D0D4B}.Debug|x86.ActiveCfg = Debug|Any CPU
		{9F4A3A9F-1571-4FD4-9016-A4E4684D0D4B}.Debug|x86.Build.0 = Debug|Any CPU
		{9F4A3A9F-1571-4FD4-9016-A4E4684D0D4B}.Release|Any CPU.ActiveCfg = Release|Any CPU
		{9F4A3A9F-1571-4FD4-9016-A4E4684D0D4B}.Release|Any CPU.Build.0 = Release|Any CPU
		{9F4A3A9F-1571-4FD4-9016-A4E4684D0D4B}.Release|x64.ActiveCfg = Release|Any CPU
		{9F4A3A9F-1571-4FD4-9016-A4E4684D0D4B}.Release|x64.Build.0 = Release|Any CPU
		{9F4A3A9F-1571-4FD4-9016-A4E4684D0D4B}.Release|x86.ActiveCfg = Release|Any CPU
		{9F4A3A9F-1571-4FD4-9016-A4E4684D0D4B}.Release|x86.Build.0 = Release|Any CPU
		{0B570AD7-C466-4434-A610-F0CAC2813676}.Debug|Any CPU.ActiveCfg = Debug|Any CPU
		{0B570AD7-C466-4434-A610-F0CAC2813676}.Debug|Any CPU.Build.0 = Debug|Any CPU
		{0B570AD7-C466-4434-A610-F0CAC2813676}.Debug|x64.ActiveCfg = Debug|Any CPU
		{0B570AD7-C466-4434-A610-F0CAC2813676}.Debug|x64.Build.0 = Debug|Any CPU
		{0B570AD7-C466-4434-A610-F0CAC2813676}.Debug|x86.ActiveCfg = Debug|Any CPU
		{0B570AD7-C466-4434-A610-F0CAC2813676}.Debug|x86.Build.0 = Debug|Any CPU
		{0B570AD7-C466-4434-A610-F0CAC2813676}.Release|Any CPU.ActiveCfg = Release|Any CPU
		{0B570AD7-C466-4434-A610-F0CAC2813676}.Release|Any CPU.Build.0 = Release|Any CPU
		{0B570AD7-C466-4434-A610-F0CAC2813676}.Release|x64.ActiveCfg = Release|Any CPU
		{0B570AD7-C466-4434-A610-F0CAC2813676}.Release|x64.Build.0 = Release|Any CPU
		{0B570AD7-C466-4434-A610-F0CAC2813676}.Release|x86.ActiveCfg = Release|Any CPU
		{0B570AD7-C466-4434-A610-F0CAC2813676}.Release|x86.Build.0 = Release|Any CPU
		{2A64FB2C-7EF4-45E5-A006-5291BA38BB54}.Debug|Any CPU.ActiveCfg = Debug|Any CPU
		{2A64FB2C-7EF4-45E5-A006-5291BA38BB54}.Debug|Any CPU.Build.0 = Debug|Any CPU
		{2A64FB2C-7EF4-45E5-A006-5291BA38BB54}.Debug|x64.ActiveCfg = Debug|Any CPU
		{2A64FB2C-7EF4-45E5-A006-5291BA38BB54}.Debug|x64.Build.0 = Debug|Any CPU
		{2A64FB2C-7EF4-45E5-A006-5291BA38BB54}.Debug|x86.ActiveCfg = Debug|Any CPU
		{2A64FB2C-7EF4-45E5-A006-5291BA38BB54}.Debug|x86.Build.0 = Debug|Any CPU
		{2A64FB2C-7EF4-45E5-A006-5291BA38BB54}.Release|Any CPU.ActiveCfg = Release|Any CPU
		{2A64FB2C-7EF4-45E5-A006-5291BA38BB54}.Release|Any CPU.Build.0 = Release|Any CPU
		{2A64FB2C-7EF4-45E5-A006-5291BA38BB54}.Release|x64.ActiveCfg = Release|Any CPU
		{2A64FB2C-7EF4-45E5-A006-5291BA38BB54}.Release|x64.Build.0 = Release|Any CPU
		{2A64FB2C-7EF4-45E5-A006-5291BA38BB54}.Release|x86.ActiveCfg = Release|Any CPU
		{2A64FB2C-7EF4-45E5-A006-5291BA38BB54}.Release|x86.Build.0 = Release|Any CPU
		{BAC717CA-4A32-432F-98EB-A452F9C59357}.Debug|Any CPU.ActiveCfg = Debug|Any CPU
		{BAC717CA-4A32-432F-98EB-A452F9C59357}.Debug|Any CPU.Build.0 = Debug|Any CPU
		{BAC717CA-4A32-432F-98EB-A452F9C59357}.Debug|x64.ActiveCfg = Debug|Any CPU
		{BAC717CA-4A32-432F-98EB-A452F9C59357}.Debug|x64.Build.0 = Debug|Any CPU
		{BAC717CA-4A32-432F-98EB-A452F9C59357}.Debug|x86.ActiveCfg = Debug|Any CPU
		{BAC717CA-4A32-432F-98EB-A452F9C59357}.Debug|x86.Build.0 = Debug|Any CPU
		{BAC717CA-4A32-432F-98EB-A452F9C59357}.Release|Any CPU.ActiveCfg = Release|Any CPU
		{BAC717CA-4A32-432F-98EB-A452F9C59357}.Release|Any CPU.Build.0 = Release|Any CPU
		{BAC717CA-4A32-432F-98EB-A452F9C59357}.Release|x64.ActiveCfg = Release|Any CPU
		{BAC717CA-4A32-432F-98EB-A452F9C59357}.Release|x64.Build.0 = Release|Any CPU
		{BAC717CA-4A32-432F-98EB-A452F9C59357}.Release|x86.ActiveCfg = Release|Any CPU
		{BAC717CA-4A32-432F-98EB-A452F9C59357}.Release|x86.Build.0 = Release|Any CPU
		{B906DF30-455A-4B2F-89D5-28665F1D6A98}.Debug|Any CPU.ActiveCfg = Debug|Any CPU
		{B906DF30-455A-4B2F-89D5-28665F1D6A98}.Debug|Any CPU.Build.0 = Debug|Any CPU
		{B906DF30-455A-4B2F-89D5-28665F1D6A98}.Debug|x64.ActiveCfg = Debug|Any CPU
		{B906DF30-455A-4B2F-89D5-28665F1D6A98}.Debug|x64.Build.0 = Debug|Any CPU
		{B906DF30-455A-4B2F-89D5-28665F1D6A98}.Debug|x86.ActiveCfg = Debug|Any CPU
		{B906DF30-455A-4B2F-89D5-28665F1D6A98}.Debug|x86.Build.0 = Debug|Any CPU
		{B906DF30-455A-4B2F-89D5-28665F1D6A98}.Release|Any CPU.ActiveCfg = Release|Any CPU
		{B906DF30-455A-4B2F-89D5-28665F1D6A98}.Release|Any CPU.Build.0 = Release|Any CPU
		{B906DF30-455A-4B2F-89D5-28665F1D6A98}.Release|x64.ActiveCfg = Release|Any CPU
		{B906DF30-455A-4B2F-89D5-28665F1D6A98}.Release|x64.Build.0 = Release|Any CPU
		{B906DF30-455A-4B2F-89D5-28665F1D6A98}.Release|x86.ActiveCfg = Release|Any CPU
		{B906DF30-455A-4B2F-89D5-28665F1D6A98}.Release|x86.Build.0 = Release|Any CPU
		{0EF7E3F3-829F-49CA-AEE2-68724F6EE288}.Debug|Any CPU.ActiveCfg = Debug
		{0EF7E3F3-829F-49CA-AEE2-68724F6EE288}.Debug|x64.ActiveCfg = Debug
		{0EF7E3F3-829F-49CA-AEE2-68724F6EE288}.Debug|x64.Build.0 = Debug
		{0EF7E3F3-829F-49CA-AEE2-68724F6EE288}.Debug|x86.ActiveCfg = Debug
		{0EF7E3F3-829F-49CA-AEE2-68724F6EE288}.Debug|x86.Build.0 = Debug
		{0EF7E3F3-829F-49CA-AEE2-68724F6EE288}.Release|Any CPU.ActiveCfg = Release
		{0EF7E3F3-829F-49CA-AEE2-68724F6EE288}.Release|x64.ActiveCfg = Release
		{0EF7E3F3-829F-49CA-AEE2-68724F6EE288}.Release|x64.Build.0 = Release
		{0EF7E3F3-829F-49CA-AEE2-68724F6EE288}.Release|x86.ActiveCfg = Release
		{0EF7E3F3-829F-49CA-AEE2-68724F6EE288}.Release|x86.Build.0 = Release
		{0D7CDD44-AE77-4169-99BA-16C91E93D9F4}.Debug|Any CPU.ActiveCfg = Debug|Any CPU
		{0D7CDD44-AE77-4169-99BA-16C91E93D9F4}.Debug|Any CPU.Build.0 = Debug|Any CPU
		{0D7CDD44-AE77-4169-99BA-16C91E93D9F4}.Debug|x64.ActiveCfg = Debug|Any CPU
		{0D7CDD44-AE77-4169-99BA-16C91E93D9F4}.Debug|x64.Build.0 = Debug|Any CPU
		{0D7CDD44-AE77-4169-99BA-16C91E93D9F4}.Debug|x86.ActiveCfg = Debug|Any CPU
		{0D7CDD44-AE77-4169-99BA-16C91E93D9F4}.Debug|x86.Build.0 = Debug|Any CPU
		{0D7CDD44-AE77-4169-99BA-16C91E93D9F4}.Release|Any CPU.ActiveCfg = Release|Any CPU
		{0D7CDD44-AE77-4169-99BA-16C91E93D9F4}.Release|Any CPU.Build.0 = Release|Any CPU
		{0D7CDD44-AE77-4169-99BA-16C91E93D9F4}.Release|x64.ActiveCfg = Release|Any CPU
		{0D7CDD44-AE77-4169-99BA-16C91E93D9F4}.Release|x64.Build.0 = Release|Any CPU
		{0D7CDD44-AE77-4169-99BA-16C91E93D9F4}.Release|x86.ActiveCfg = Release|Any CPU
		{0D7CDD44-AE77-4169-99BA-16C91E93D9F4}.Release|x86.Build.0 = Release|Any CPU
	EndGlobalSection
	GlobalSection(SolutionProperties) = preSolution
		HideSolutionNode = FALSE
	EndGlobalSection
	GlobalSection(NestedProjects) = preSolution
		{478240AB-9772-4F70-8E31-BD0303CBF836} = {43B4C9AB-A468-4A79-892A-929294A0BBE1}
		{8AB56ABE-3894-40EE-A5B7-36B57B70D1BE} = {5371E97D-8916-4D33-9BE7-C0C97209DD54}
		{E0577880-9B04-4A2A-B791-8FDB47CAA3BC} = {5371E97D-8916-4D33-9BE7-C0C97209DD54}
		{57A2C839-E820-4226-A881-CB8F8FEC149A} = {825023F4-F682-4FA8-BA5D-F253B5BB52F3}
		{2DF7BB2D-75C2-44BD-8AFB-42DF5870EE32} = {825023F4-F682-4FA8-BA5D-F253B5BB52F3}
		{353BFB0D-DA78-4C2E-8F03-6DB6134CB341} = {43B4C9AB-A468-4A79-892A-929294A0BBE1}
		{A3C33261-F421-4CE9-9422-0158B081DE6A} = {EDE3BC29-B647-49D6-B76A-0AACEAD74445}
		{DCD07C48-1983-4861-9717-3A770C3C37E0} = {825023F4-F682-4FA8-BA5D-F253B5BB52F3}
		{28B1AA42-7BD9-469A-BAD2-0000148D8754} = {825023F4-F682-4FA8-BA5D-F253B5BB52F3}
		{8D4A108F-28A4-4C56-BB2C-D189E6AB01C9} = {5371E97D-8916-4D33-9BE7-C0C97209DD54}
		{D83CDCFC-2189-4A41-A978-72E76DEF978F} = {825023F4-F682-4FA8-BA5D-F253B5BB52F3}
		{22C8C752-65C0-4EDE-BBC7-BA1BC297376C} = {825023F4-F682-4FA8-BA5D-F253B5BB52F3}
		{4FADD7BC-8EEC-4A85-AD5A-E0AEF78A65DC} = {825023F4-F682-4FA8-BA5D-F253B5BB52F3}
		{76269196-DB55-4299-AE0F-A33A5BAB294F} = {5371E97D-8916-4D33-9BE7-C0C97209DD54}
		{B157E1E0-9C29-44EE-9060-BBD1060486F5} = {825023F4-F682-4FA8-BA5D-F253B5BB52F3}
		{64F0A84F-87DA-45B3-9722-7FA341383CF8} = {EDE3BC29-B647-49D6-B76A-0AACEAD74445}
		{3E225544-FE66-4F29-86F2-7EED9831790C} = {825023F4-F682-4FA8-BA5D-F253B5BB52F3}
		{4ABB9B68-F32C-4262-8AFF-0AF8A1087D30} = {5371E97D-8916-4D33-9BE7-C0C97209DD54}
		{0562C1FE-B4B7-4EE2-BF83-1808EBD63D05} = {5371E97D-8916-4D33-9BE7-C0C97209DD54}
		{D83666A0-ACF5-47E6-94CF-732DDDABBEA2} = {5371E97D-8916-4D33-9BE7-C0C97209DD54}
		{C9592E99-8DD0-4E9E-BCD9-4FBB692DD08A} = {F64122AA-F558-4F74-9B7F-0C5603892DDB}
		{3CEFBA76-9ED3-40B4-A844-CC17D960202F} = {EB043A6D-E89F-4776-85C2-8F1BD85640E3}
		{1C5A0097-29A8-4157-80C0-B865CEAFCCCE} = {EB043A6D-E89F-4776-85C2-8F1BD85640E3}
		{92474E5E-6FBA-4746-900C-55F68977E500} = {EB043A6D-E89F-4776-85C2-8F1BD85640E3}
		{39661034-47AA-4BDF-9B19-C835B614B545} = {5371E97D-8916-4D33-9BE7-C0C97209DD54}
		{83C23F97-4F17-44FD-9933-FC8CAC1B589C} = {EB043A6D-E89F-4776-85C2-8F1BD85640E3}
		{0E7FD5E8-15D5-4C2B-983F-1930848B19ED} = {F2179EED-B181-4893-B209-700C496FADF8}
		{C53F9ED8-90A1-43DA-9EC4-8BCDB33E5D8F} = {43B4C9AB-A468-4A79-892A-929294A0BBE1}
		{1562EE09-1FD2-41F6-B575-5BE0343196A4} = {EB043A6D-E89F-4776-85C2-8F1BD85640E3}
		{7C10EE54-7B2C-4D76-B5DE-802F26BD53AD} = {43B4C9AB-A468-4A79-892A-929294A0BBE1}
		{78E6DA53-9ABB-406F-A711-55FF00386029} = {EB043A6D-E89F-4776-85C2-8F1BD85640E3}
		{86BD6EE6-BC0B-42A9-9656-A6ABA29CA93C} = {F2179EED-B181-4893-B209-700C496FADF8}
		{2FBBA076-26F4-4D61-872C-4EE29AFA1EDB} = {43B4C9AB-A468-4A79-892A-929294A0BBE1}
		{9F4A3A9F-1571-4FD4-9016-A4E4684D0D4B} = {5371E97D-8916-4D33-9BE7-C0C97209DD54}
		{0B570AD7-C466-4434-A610-F0CAC2813676} = {43B4C9AB-A468-4A79-892A-929294A0BBE1}
		{2A64FB2C-7EF4-45E5-A006-5291BA38BB54} = {9D427AC3-4D06-442B-9CFC-2BC3036E7E95}
		{BAC717CA-4A32-432F-98EB-A452F9C59357} = {F2179EED-B181-4893-B209-700C496FADF8}
		{B906DF30-455A-4B2F-89D5-28665F1D6A98} = {F2179EED-B181-4893-B209-700C496FADF8}
		{0EF7E3F3-829F-49CA-AEE2-68724F6EE288} = {F64122AA-F558-4F74-9B7F-0C5603892DDB}
	EndGlobalSection
	GlobalSection(ExtensibilityGlobals) = postSolution
		SolutionGuid = {67E3839A-1DFF-4FE5-B2E5-787CAD3503E7}
	EndGlobalSection
EndGlobal
