<?xml version="1.0" encoding="utf-8"?>
<Project ToolsVersion="4.0" xmlns="http://schemas.microsoft.com/developer/msbuild/2003">
  <ItemGroup>
    <Filter Include="Source Files">
      <UniqueIdentifier>{4FC737F1-C7A5-4376-A066-2A32D752A2FF}</UniqueIdentifier>
      <Extensions>cpp;c;cc;cxx;def;odl;idl;hpj;bat;asm;asmx</Extensions>
    </Filter>
    <Filter Include="Header Files">
      <UniqueIdentifier>{93995380-89BD-4b04-88EB-625FBE52EBFB}</UniqueIdentifier>
      <Extensions>h;hh;hpp;hxx;hm;inl;inc;xsd</Extensions>
    </Filter>
    <Filter Include="Resource Files">
      <UniqueIdentifier>{67DA6AB6-F800-4c08-8B7A-83BB121AAD01}</UniqueIdentifier>
      <Extensions>rc;ico;cur;bmp;dlg;rc2;rct;bin;rgs;gif;jpg;jpeg;jpe;resx;tiff;tif;png;wav;mfcribbon-ms</Extensions>
    </Filter>
    <Filter Include="Include Files">
      <UniqueIdentifier>{f7d5aabb-9d46-4fbe-b508-87d0c0abbfb7}</UniqueIdentifier>
    </Filter>
    <Filter Include="Source Files\FormDesigner">
      <UniqueIdentifier>{7f90d42f-f27f-4f6b-a29e-0af41de2da03}</UniqueIdentifier>
    </Filter>
    <Filter Include="Source Files\ModuleEditor">
      <UniqueIdentifier>{34334167-eaf8-49d8-8a17-01f4ad0a4d2e}</UniqueIdentifier>
    </Filter>
    <Filter Include="Header Files\ModuleEditor">
      <UniqueIdentifier>{98a43ee5-c572-4bb9-97f4-4c4a1148d692}</UniqueIdentifier>
    </Filter>
    <Filter Include="Header Files\FormDesigner">
      <UniqueIdentifier>{cd902839-f6f4-479d-aa73-58de9bc7c2ec}</UniqueIdentifier>
    </Filter>
  </ItemGroup>
  <ItemGroup>
    <ClInclude Include="A2v10.Designer.h">
      <Filter>Header Files</Filter>
    </ClInclude>
    <ClInclude Include="stdafx.h">
      <Filter>Header Files</Filter>
    </ClInclude>
    <ClInclude Include="targetver.h">
      <Filter>Header Files</Filter>
    </ClInclude>
    <ClInclude Include="mainfrm.h">
      <Filter>Header Files</Filter>
    </ClInclude>
    <ClInclude Include="childfrm.h">
      <Filter>Header Files</Filter>
    </ClInclude>
    <ClInclude Include="Resource.h">
      <Filter>Header Files</Filter>
    </ClInclude>
    <ClInclude Include="ViewTree.h">
      <Filter>Header Files</Filter>
    </ClInclude>
    <ClInclude Include="solutionwnd.h">
      <Filter>Header Files</Filter>
    </ClInclude>
    <ClInclude Include="commandwnd.h">
      <Filter>Header Files</Filter>
    </ClInclude>
    <ClInclude Include="outputwnd.h">
      <Filter>Header Files</Filter>
    </ClInclude>
    <ClInclude Include="propertieswnd.h">
      <Filter>Header Files</Filter>
    </ClInclude>
    <ClInclude Include="sciview.h">
      <Filter>Header Files</Filter>
    </ClInclude>
    <ClInclude Include="..\Include\Sci_Position.h">
      <Filter>Include Files</Filter>
    </ClInclude>
    <ClInclude Include="..\Include\SciLexer.h">
      <Filter>Include Files</Filter>
    </ClInclude>
    <ClInclude Include="..\Include\Scintilla.h">
      <Filter>Include Files</Filter>
    </ClInclude>
    <ClInclude Include="moduleview.h">
      <Filter>Header Files\ModuleEditor</Filter>
    </ClInclude>
    <ClInclude Include="moduledoc.h">
      <Filter>Header Files\ModuleEditor</Filter>
    </ClInclude>
    <ClInclude Include="recttracker.h">
      <Filter>Header Files\FormDesigner</Filter>
    </ClInclude>
    <ClInclude Include="a2formdoc.h">
      <Filter>Header Files\FormDesigner</Filter>
    </ClInclude>
    <ClInclude Include="a2formview.h">
      <Filter>Header Files\FormDesigner</Filter>
    </ClInclude>
    <ClInclude Include="a2formtab.h">
      <Filter>Header Files\FormDesigner</Filter>
    </ClInclude>
    <ClInclude Include="formitem.h">
      <Filter>Header Files\FormDesigner</Filter>
    </ClInclude>
    <ClInclude Include="elemform.h">
      <Filter>Header Files\FormDesigner</Filter>
    </ClInclude>
    <ClInclude Include="formtool.h">
      <Filter>Header Files\FormDesigner</Filter>
    </ClInclude>
    <ClInclude Include="outlinewnd.h">
      <Filter>Header Files</Filter>
    </ClInclude>
    <ClInclude Include="consolewnd.h">
      <Filter>Header Files</Filter>
    </ClInclude>
  </ItemGroup>
  <ItemGroup>
    <ClCompile Include="A2v10.Designer.cpp">
      <Filter>Source Files</Filter>
    </ClCompile>
    <ClCompile Include="stdafx.cpp">
      <Filter>Source Files</Filter>
    </ClCompile>
    <ClCompile Include="mainfrm.cpp">
      <Filter>Source Files</Filter>
    </ClCompile>
    <ClCompile Include="childfrm.cpp">
      <Filter>Source Files</Filter>
    </ClCompile>
    <ClCompile Include="ViewTree.cpp">
      <Filter>Source Files</Filter>
    </ClCompile>
    <ClCompile Include="commandwnd.cpp">
      <Filter>Source Files</Filter>
    </ClCompile>
    <ClCompile Include="solutionwnd.cpp">
      <Filter>Source Files</Filter>
    </ClCompile>
    <ClCompile Include="outputwnd.cpp">
      <Filter>Source Files</Filter>
    </ClCompile>
    <ClCompile Include="propertieswnd.cpp">
      <Filter>Source Files</Filter>
    </ClCompile>
    <ClCompile Include="sciview.cpp">
      <Filter>Source Files</Filter>
    </ClCompile>
    <ClCompile Include="moduleview.cpp">
      <Filter>Source Files\ModuleEditor</Filter>
    </ClCompile>
    <ClCompile Include="moduledoc.cpp">
      <Filter>Source Files\ModuleEditor</Filter>
    </ClCompile>
    <ClCompile Include="recttracker.cpp">
      <Filter>Source Files\FormDesigner</Filter>
    </ClCompile>
    <ClCompile Include="a2formdoc.cpp">
      <Filter>Source Files\FormDesigner</Filter>
    </ClCompile>
    <ClCompile Include="a2formview.cpp">
      <Filter>Source Files\FormDesigner</Filter>
    </ClCompile>
    <ClCompile Include="a2formtab.cpp">
      <Filter>Source Files\FormDesigner</Filter>
    </ClCompile>
    <ClCompile Include="formitem.cpp">
      <Filter>Source Files\FormDesigner</Filter>
    </ClCompile>
    <ClCompile Include="elemform.cpp">
      <Filter>Source Files\FormDesigner</Filter>
    </ClCompile>
    <ClCompile Include="formtool.cpp">
      <Filter>Source Files\FormDesigner</Filter>
    </ClCompile>
    <ClCompile Include="outlinewnd.cpp">
      <Filter>Source Files</Filter>
    </ClCompile>
    <ClCompile Include="consolewnd.cpp">
      <Filter>Source Files</Filter>
    </ClCompile>
  </ItemGroup>
  <ItemGroup>
    <ResourceCompile Include="A2v10.Designer.rc">
      <Filter>Resource Files</Filter>
    </ResourceCompile>
  </ItemGroup>
  <ItemGroup>
    <Image Include="res\file_view.ico">
      <Filter>Resource Files</Filter>
    </Image>
    <Image Include="res\file_view_hc.ico">
      <Filter>Resource Files</Filter>
    </Image>
    <Image Include="res\fileview.bmp">
      <Filter>Resource Files</Filter>
    </Image>
    <Image Include="res\fileview_hc.bmp">
      <Filter>Resource Files</Filter>
    </Image>
    <Image Include="res\explorer_hc.bmp">
      <Filter>Resource Files</Filter>
    </Image>
    <Image Include="res\sort.bmp">
      <Filter>Resource Files</Filter>
    </Image>
    <Image Include="res\sort_hc.bmp">
      <Filter>Resource Files</Filter>
    </Image>
    <Image Include="res\menuimages.bmp">
      <Filter>Resource Files</Filter>
    </Image>
    <Image Include="res\output_wnd.ico">
      <Filter>Resource Files</Filter>
    </Image>
    <Image Include="res\output_wnd_hc.ico">
      <Filter>Resource Files</Filter>
    </Image>
    <Image Include="res\A2v10.Designer.ico">
      <Filter>Resource Files</Filter>
    </Image>
    <Image Include="res\wndcommand.ico">
      <Filter>Resource Files</Filter>
    </Image>
    <Image Include="res\wndproperties.ico">
      <Filter>Resource Files</Filter>
    </Image>
    <Image Include="res\wndsolution.ico">
      <Filter>Resource Files</Filter>
    </Image>
    <Image Include="res\wndtoolbox.ico">
      <Filter>Resource Files</Filter>
    </Image>
    <Image Include="res\imagelistsolution.bmp">
      <Filter>Resource Files</Filter>
    </Image>
    <Image Include="res\maintoolbar.bmp">
      <Filter>Resource Files</Filter>
    </Image>
    <Image Include="res\propstoolbar.bmp">
      <Filter>Resource Files</Filter>
    </Image>
    <Image Include="res\formtoolbox.bmp">
      <Filter>Resource Files</Filter>
    </Image>
    <Image Include="res\wndoutline.ico">
      <Filter>Resource Files</Filter>
    </Image>
    <Image Include="res\wndconsole.ico">
      <Filter>Resource Files</Filter>
    </Image>
    <Image Include="res\form.ico">
      <Filter>Resource Files</Filter>
    </Image>
    <Image Include="res\jsmodule.ico">
      <Filter>Resource Files</Filter>
    </Image>
  </ItemGroup>
  <ItemGroup>
    <None Include="res\A2v10Designer.rc2">
      <Filter>Resource Files</Filter>
    </None>
  </ItemGroup>
</Project>